// !$*UTF8*$!
{
	archiveVersion = 1;
	classes = {
	};
	objectVersion = 52;
	objects = {

/* Begin PBXBuildFile section */
		994ECBBD25DD364F00F0257F /* Constants.swift in Sources */ = {isa = PBXBuildFile; fileRef = 994ECBBC25DD364F00F0257F /* Constants.swift */; };
		994ECBCA25DD367700F0257F /* ExpansionViewController.swift in Sources */ = {isa = PBXBuildFile; fileRef = 994ECBC625DD367700F0257F /* ExpansionViewController.swift */; };
		994ECBCB25DD367700F0257F /* ExpansionViewControllerDataSource.swift in Sources */ = {isa = PBXBuildFile; fileRef = 994ECBC725DD367700F0257F /* ExpansionViewControllerDataSource.swift */; };
		994ECBCC25DD367700F0257F /* ExpansionViewControllerScreen.swift in Sources */ = {isa = PBXBuildFile; fileRef = 994ECBC825DD367700F0257F /* ExpansionViewControllerScreen.swift */; };
		994ECBCD25DD367700F0257F /* ExpansionTableViewCell.swift in Sources */ = {isa = PBXBuildFile; fileRef = 994ECBC925DD367700F0257F /* ExpansionTableViewCell.swift */; };
		994ECBE125DD369500F0257F /* TabItem.swift in Sources */ = {isa = PBXBuildFile; fileRef = 994ECBD625DD369500F0257F /* TabItem.swift */; };
		994ECBE225DD369500F0257F /* TabNavigationMenu.swift in Sources */ = {isa = PBXBuildFile; fileRef = 994ECBD725DD369500F0257F /* TabNavigationMenu.swift */; };
		994ECBE325DD369500F0257F /* NavigationMenuTabBarController.swift in Sources */ = {isa = PBXBuildFile; fileRef = 994ECBD825DD369500F0257F /* NavigationMenuTabBarController.swift */; };
		994ECBE425DD369500F0257F /* Assets.xcassets in Resources */ = {isa = PBXBuildFile; fileRef = 994ECBDA25DD369500F0257F /* Assets.xcassets */; };
		994ECBE525DD369500F0257F /* LaunchScreen.storyboard in Resources */ = {isa = PBXBuildFile; fileRef = 994ECBDB25DD369500F0257F /* LaunchScreen.storyboard */; };
		994ECBE725DD369500F0257F /* AppDelegate.swift in Sources */ = {isa = PBXBuildFile; fileRef = 994ECBDF25DD369500F0257F /* AppDelegate.swift */; };
		994ECBF125DD376100F0257F /* MainCoordinator.swift in Sources */ = {isa = PBXBuildFile; fileRef = 994ECBF025DD376100F0257F /* MainCoordinator.swift */; };
		994ECBF925DD376E00F0257F /* ViewCodable.swift in Sources */ = {isa = PBXBuildFile; fileRef = 994ECBF725DD376E00F0257F /* ViewCodable.swift */; };
		994ECBFA25DD376E00F0257F /* Coordinatable.swift in Sources */ = {isa = PBXBuildFile; fileRef = 994ECBF825DD376E00F0257F /* Coordinatable.swift */; };
		994ECC0A25DD50C000F0257F /* ExpansionHeaderView.swift in Sources */ = {isa = PBXBuildFile; fileRef = 994ECC0925DD50C000F0257F /* ExpansionHeaderView.swift */; };
		994ECC0F25DD57A800F0257F /* String+Extensions.swift in Sources */ = {isa = PBXBuildFile; fileRef = 994ECC0E25DD57A800F0257F /* String+Extensions.swift */; };
		994ECC1725DD58F800F0257F /* Sequence+Extensions.swift in Sources */ = {isa = PBXBuildFile; fileRef = 994ECC1625DD58F800F0257F /* Sequence+Extensions.swift */; };
		994ECC1D25DD89E300F0257F /* ExpansionCoordinator.swift in Sources */ = {isa = PBXBuildFile; fileRef = 994ECC1C25DD89E300F0257F /* ExpansionCoordinator.swift */; };
		9966CFC325E6916900616431 /* FavoriteCardsCoordinator.swift in Sources */ = {isa = PBXBuildFile; fileRef = 9966CFC225E6916900616431 /* FavoriteCardsCoordinator.swift */; };
		9966CFD825E69A3600616431 /* CardListViewModelRemote.swift in Sources */ = {isa = PBXBuildFile; fileRef = 9966CFD725E69A3600616431 /* CardListViewModelRemote.swift */; };
		9966CFDC25E69B4900616431 /* CardListViewModelLocal.swift in Sources */ = {isa = PBXBuildFile; fileRef = 9966CFDB25E69B4900616431 /* CardListViewModelLocal.swift */; };
		998BAC7925DEE86100CD7C8F /* ExpansionHeaderView.swift in Sources */ = {isa = PBXBuildFile; fileRef = 998BAC7825DEE86100CD7C8F /* ExpansionHeaderView.swift */; };
		998BAC8125DEEC1C00CD7C8F /* ExpansionTableViewCellTestCase.swift in Sources */ = {isa = PBXBuildFile; fileRef = 998BAC8025DEEC1C00CD7C8F /* ExpansionTableViewCellTestCase.swift */; };
		998BAC8525DEEE5300CD7C8F /* ExpansionViewControllerScreenTestCase.swift in Sources */ = {isa = PBXBuildFile; fileRef = 998BAC8425DEEE5300CD7C8F /* ExpansionViewControllerScreenTestCase.swift */; };
		998BAC8E25DFD98A00CD7C8F /* Sequence+ExtensionsTestCase.swift in Sources */ = {isa = PBXBuildFile; fileRef = 998BAC8D25DFD98A00CD7C8F /* Sequence+ExtensionsTestCase.swift */; };
		998BAC9825DFDC3000CD7C8F /* TabNavigationMenuTestCase.swift in Sources */ = {isa = PBXBuildFile; fileRef = 998BAC9725DFDC3000CD7C8F /* TabNavigationMenuTestCase.swift */; };
		998BAC9E25DFDCFF00CD7C8F /* NavigationMenuTabBarControllerTestCase.swift in Sources */ = {isa = PBXBuildFile; fileRef = 998BAC9D25DFDCFF00CD7C8F /* NavigationMenuTabBarControllerTestCase.swift */; };
		998BACA425DFE36200CD7C8F /* ExpansionViewControllerNavigation.swift in Sources */ = {isa = PBXBuildFile; fileRef = 998BACA325DFE36200CD7C8F /* ExpansionViewControllerNavigation.swift */; };
		9992F27125DC3D070079AD1D /* SnapKit in Frameworks */ = {isa = PBXBuildFile; productRef = 9992F27025DC3D070079AD1D /* SnapKit */; };
		9992F28925DC5D620079AD1D /* cards-response.json in Resources */ = {isa = PBXBuildFile; fileRef = 9992F28725DC5D620079AD1D /* cards-response.json */; };
		9992F28A25DC5D620079AD1D /* sets-response.json in Resources */ = {isa = PBXBuildFile; fileRef = 9992F28825DC5D620079AD1D /* sets-response.json */; };
		BD11DA1625DEF8E100EF1300 /* NetworkManagerRetrievingImageTests.swift in Sources */ = {isa = PBXBuildFile; fileRef = BD11DA1525DEF8E100EF1300 /* NetworkManagerRetrievingImageTests.swift */; };
		BD11DA2625DF00AB00EF1300 /* Image.ashx.jpeg in Resources */ = {isa = PBXBuildFile; fileRef = BD11DA2525DF00AB00EF1300 /* Image.ashx.jpeg */; };
		BD71EDA325E0314000E6FAB9 /* CardDetailViewControllerTests.swift in Sources */ = {isa = PBXBuildFile; fileRef = BD71ED9F25E0314000E6FAB9 /* CardDetailViewControllerTests.swift */; };
		BD71EDB125E0554200E6FAB9 /* DidDisplayCellDelegate.swift in Sources */ = {isa = PBXBuildFile; fileRef = BD71EDB025E0554200E6FAB9 /* DidDisplayCellDelegate.swift */; };
		BD71EDE525E3F36000E6FAB9 /* CardDetailView.swift in Sources */ = {isa = PBXBuildFile; fileRef = BD71EDE425E3F36000E6FAB9 /* CardDetailView.swift */; };
		BD71EDEA25E4091600E6FAB9 /* CardDetailViewControllerProtocol.swift in Sources */ = {isa = PBXBuildFile; fileRef = BD71EDE925E4091600E6FAB9 /* CardDetailViewControllerProtocol.swift */; };
		BD80ADC425DAB8990016B1BE /* (null) in Sources */ = {isa = PBXBuildFile; };
		BD9CDD6C25DE9D590010AE2C /* ImagesService.swift in Sources */ = {isa = PBXBuildFile; fileRef = BD9CDD6B25DE9D590010AE2C /* ImagesService.swift */; };
		BD9CDD7125DE9F950010AE2C /* CardDetailViewModel.swift in Sources */ = {isa = PBXBuildFile; fileRef = BD9CDD7025DE9F950010AE2C /* CardDetailViewModel.swift */; };
		BD9CDD8025DEA0AF0010AE2C /* CardDetailCollectionViewDelegate.swift in Sources */ = {isa = PBXBuildFile; fileRef = BD9CDD7F25DEA0AF0010AE2C /* CardDetailCollectionViewDelegate.swift */; };
		BD9CDD8425DEA0E20010AE2C /* CardDetailViewController.swift in Sources */ = {isa = PBXBuildFile; fileRef = BD9CDD8325DEA0E20010AE2C /* CardDetailViewController.swift */; };
		BD9CDD8825DEA1080010AE2C /* CardDetailCollectionViewDataSource.swift in Sources */ = {isa = PBXBuildFile; fileRef = BD9CDD8725DEA1080010AE2C /* CardDetailCollectionViewDataSource.swift */; };
		BD9CDD8C25DEA1230010AE2C /* CardDetailCollectionViewFlowLayout.swift in Sources */ = {isa = PBXBuildFile; fileRef = BD9CDD8B25DEA1230010AE2C /* CardDetailCollectionViewFlowLayout.swift */; };
		BD9CDD9B25DEB5540010AE2C /* CardDetailViewModelDelegate.swift in Sources */ = {isa = PBXBuildFile; fileRef = BD9CDD9A25DEB5540010AE2C /* CardDetailViewModelDelegate.swift */; };
		BD9CDDA825DED3920010AE2C /* CardDetailViewModelTestCase.swift in Sources */ = {isa = PBXBuildFile; fileRef = BD9CDDA725DED3920010AE2C /* CardDetailViewModelTestCase.swift */; };
		BD9CDDB325DED6EF0010AE2C /* ServiceProtocol.swift in Sources */ = {isa = PBXBuildFile; fileRef = BD9CDDB225DED6EF0010AE2C /* ServiceProtocol.swift */; };
		BD9CDDBA25DED8480010AE2C /* FakeCardsArray.swift in Sources */ = {isa = PBXBuildFile; fileRef = BD9CDDB925DED8480010AE2C /* FakeCardsArray.swift */; };
		BDA2F84825E685E300A2E2B7 /* CardDetailToggleButton.swift in Sources */ = {isa = PBXBuildFile; fileRef = BDA2F84725E685E300A2E2B7 /* CardDetailToggleButton.swift */; };
		BDA2F85325E68A6000A2E2B7 /* CardDetailToggleButtonDelegate.swift in Sources */ = {isa = PBXBuildFile; fileRef = BDA2F85225E68A6000A2E2B7 /* CardDetailToggleButtonDelegate.swift */; };
		BDA2F85725E69D1400A2E2B7 /* CardDetailToggleButtonTestCase.swift in Sources */ = {isa = PBXBuildFile; fileRef = BDA2F85625E69D1400A2E2B7 /* CardDetailToggleButtonTestCase.swift */; };
		BDD6541B25E53D44004C9F88 /* CardDetailTestCase.swift in Sources */ = {isa = PBXBuildFile; fileRef = BDD6541A25E53D44004C9F88 /* CardDetailTestCase.swift */; };
		BDD6542125E53DEA004C9F88 /* CardDetailDataSource+Fixtures.swift in Sources */ = {isa = PBXBuildFile; fileRef = BDD6542025E53DEA004C9F88 /* CardDetailDataSource+Fixtures.swift */; };
		BDD6542E25E56B15004C9F88 /* CardDetailCollectionViewDelegateTestCase.swift in Sources */ = {isa = PBXBuildFile; fileRef = BDD6542D25E56B15004C9F88 /* CardDetailCollectionViewDelegateTestCase.swift */; };
		BDEE376A25DB04EB003B2F5A /* NetworkManager.swift in Sources */ = {isa = PBXBuildFile; fileRef = BDEE376925DB04EB003B2F5A /* NetworkManager.swift */; };
		BDEE376F25DB0504003B2F5A /* RequestError.swift in Sources */ = {isa = PBXBuildFile; fileRef = BDEE376E25DB0504003B2F5A /* RequestError.swift */; };
		BDEE377425DB052F003B2F5A /* NetworkError.swift in Sources */ = {isa = PBXBuildFile; fileRef = BDEE377325DB052F003B2F5A /* NetworkError.swift */; };
		BDEE377925DB0547003B2F5A /* URLSession + Extension.swift in Sources */ = {isa = PBXBuildFile; fileRef = BDEE377825DB0547003B2F5A /* URLSession + Extension.swift */; };
		BDEE377E25DB0562003B2F5A /* NetworkService.swift in Sources */ = {isa = PBXBuildFile; fileRef = BDEE377D25DB0562003B2F5A /* NetworkService.swift */; };
		BDEE379325DB0E1C003B2F5A /* CardsService.swift in Sources */ = {isa = PBXBuildFile; fileRef = BDEE379225DB0E1C003B2F5A /* CardsService.swift */; };
		BDEE37B525DBEE3F003B2F5A /* NetworkServiceStub.swift in Sources */ = {isa = PBXBuildFile; fileRef = BDEE37B425DBEE3F003B2F5A /* NetworkServiceStub.swift */; };
		BDEE37BA25DBEF1A003B2F5A /* ServiceFakeDataTask.swift in Sources */ = {isa = PBXBuildFile; fileRef = BDEE37B925DBEF1A003B2F5A /* ServiceFakeDataTask.swift */; };
		BDEE37C525DBF974003B2F5A /* NetworkManagerTests.swift in Sources */ = {isa = PBXBuildFile; fileRef = BDEE37C425DBF974003B2F5A /* NetworkManagerTests.swift */; };
		E60CD15925DE8FAB00D941B6 /* CardsListDataSource+Fixture.swift in Sources */ = {isa = PBXBuildFile; fileRef = E60CD15825DE8FAB00D941B6 /* CardsListDataSource+Fixture.swift */; };
		E60CD16225DE922B00D941B6 /* CardsListDelegate.swift in Sources */ = {isa = PBXBuildFile; fileRef = E60CD16125DE922B00D941B6 /* CardsListDelegate.swift */; };
		E60CD18325DE9B3500D941B6 /* SnapshotTesting in Frameworks */ = {isa = PBXBuildFile; productRef = E60CD18225DE9B3500D941B6 /* SnapshotTesting */; };
		E60CD18A25DE9B9900D941B6 /* CardsListCoordinator.swift in Sources */ = {isa = PBXBuildFile; fileRef = E60CD18925DE9B9900D941B6 /* CardsListCoordinator.swift */; };
		E6537A1625DAC14D00ECD9D9 /* Expansion.swift in Sources */ = {isa = PBXBuildFile; fileRef = E6537A1525DAC14D00ECD9D9 /* Expansion.swift */; };
		E6537A2525DAC3BF00ECD9D9 /* ExpansionListTestCase.swift in Sources */ = {isa = PBXBuildFile; fileRef = E6537A2425DAC3BF00ECD9D9 /* ExpansionListTestCase.swift */; };
		E6537A2F25DAC40400ECD9D9 /* expansions.json in Resources */ = {isa = PBXBuildFile; fileRef = E6537A2E25DAC40400ECD9D9 /* expansions.json */; };
		E6537A4F25DADD6100ECD9D9 /* Card.swift in Sources */ = {isa = PBXBuildFile; fileRef = E6537A4E25DADD6100ECD9D9 /* Card.swift */; };
		E6537A5925DAE3E400ECD9D9 /* cards.json in Resources */ = {isa = PBXBuildFile; fileRef = E6537A5825DAE3E400ECD9D9 /* cards.json */; };
		E6537A5E25DAE54000ECD9D9 /* CardListTestCase.swift in Sources */ = {isa = PBXBuildFile; fileRef = E6537A5D25DAE54000ECD9D9 /* CardListTestCase.swift */; };
		E6537A8D25DAF08400ECD9D9 /* ExpansionListViewModel.swift in Sources */ = {isa = PBXBuildFile; fileRef = E6537A8C25DAF08400ECD9D9 /* ExpansionListViewModel.swift */; };
		E6537A9225DAF14500ECD9D9 /* ExpansionViewModel.swift in Sources */ = {isa = PBXBuildFile; fileRef = E6537A9125DAF14500ECD9D9 /* ExpansionViewModel.swift */; };
		E6537AA025DAF95800ECD9D9 /* ExpansionListViewModelTestCase.swift in Sources */ = {isa = PBXBuildFile; fileRef = E6537A9F25DAF95800ECD9D9 /* ExpansionListViewModelTestCase.swift */; };
		E6537AB425DAF9CA00ECD9D9 /* Expansion+Fixture.swift in Sources */ = {isa = PBXBuildFile; fileRef = E6537AB325DAF9CA00ECD9D9 /* Expansion+Fixture.swift */; };
		E65AE32225E684BE003F938E /* CoreDataProtocol.swift in Sources */ = {isa = PBXBuildFile; fileRef = E65AE32125E684BE003F938E /* CoreDataProtocol.swift */; };
		E65AE32825E68502003F938E /* CoreDataContainer.swift in Sources */ = {isa = PBXBuildFile; fileRef = E65AE32725E68502003F938E /* CoreDataContainer.swift */; };
		E65AE32F25E686AC003F938E /* BootcampMagic.xcdatamodeld in Sources */ = {isa = PBXBuildFile; fileRef = E65AE32D25E686AC003F938E /* BootcampMagic.xcdatamodeld */; };
		E65AE34025E6888E003F938E /* Storageable.swift in Sources */ = {isa = PBXBuildFile; fileRef = E65AE33F25E6888E003F938E /* Storageable.swift */; };
		E65AE34425E68A1A003F938E /* Card+Storageable.swift in Sources */ = {isa = PBXBuildFile; fileRef = E65AE34325E68A1A003F938E /* Card+Storageable.swift */; };
		E65AE34A25E68B1E003F938E /* DatabaseProtocol.swift in Sources */ = {isa = PBXBuildFile; fileRef = E65AE34925E68B1E003F938E /* DatabaseProtocol.swift */; };
		E65AE35725E68CDA003F938E /* CoreDataDB.swift in Sources */ = {isa = PBXBuildFile; fileRef = E65AE35625E68CDA003F938E /* CoreDataDB.swift */; };
		E65AE35F25E698C2003F938E /* CoreDataContainerFake.swift in Sources */ = {isa = PBXBuildFile; fileRef = E65AE35E25E698C2003F938E /* CoreDataContainerFake.swift */; };
		E65AE36525E699A8003F938E /* CoreDataDBTestCase.swift in Sources */ = {isa = PBXBuildFile; fileRef = E65AE36425E699A8003F938E /* CoreDataDBTestCase.swift */; };
		E65AE38B25E6F568003F938E /* CardDetailCoordinator.swift in Sources */ = {isa = PBXBuildFile; fileRef = E65AE38A25E6F568003F938E /* CardDetailCoordinator.swift */; };
		E679579825DBE97900EAC7E8 /* CardViewModel.swift in Sources */ = {isa = PBXBuildFile; fileRef = E679579725DBE97900EAC7E8 /* CardViewModel.swift */; };
		E679579D25DBEA1100EAC7E8 /* CardListViewModel.swift in Sources */ = {isa = PBXBuildFile; fileRef = E679579C25DBEA1100EAC7E8 /* CardListViewModel.swift */; };
		E67957BD25DBF8B600EAC7E8 /* CardListViewModelTestCase.swift in Sources */ = {isa = PBXBuildFile; fileRef = E67957BC25DBF8B600EAC7E8 /* CardListViewModelTestCase.swift */; };
		E67957C625DC064600EAC7E8 /* Dict.swift in Sources */ = {isa = PBXBuildFile; fileRef = E67957C525DC064600EAC7E8 /* Dict.swift */; };
		E691C62625DEA7DA004D41CF /* Fonts.swift in Sources */ = {isa = PBXBuildFile; fileRef = E691C62525DEA7DA004D41CF /* Fonts.swift */; };
		E691C62A25DEBA47004D41CF /* Roboto-Bold.ttf in Resources */ = {isa = PBXBuildFile; fileRef = E691C62925DEBA47004D41CF /* Roboto-Bold.ttf */; };
		E691C63B25DECC73004D41CF /* CardsListHeaderViewTestCase.swift in Sources */ = {isa = PBXBuildFile; fileRef = E691C63A25DECC73004D41CF /* CardsListHeaderViewTestCase.swift */; };
		E691C64225DECDF8004D41CF /* CardsListViewControllerTestCase.swift in Sources */ = {isa = PBXBuildFile; fileRef = E691C64125DECDF8004D41CF /* CardsListViewControllerTestCase.swift */; };
		E691C64A25DECFBE004D41CF /* CardsListCoordinatorSpy.swift in Sources */ = {isa = PBXBuildFile; fileRef = E691C64925DECFBE004D41CF /* CardsListCoordinatorSpy.swift */; };
		E691C65125DED104004D41CF /* CardsListDelegateSpy.swift in Sources */ = {isa = PBXBuildFile; fileRef = E691C65025DED104004D41CF /* CardsListDelegateSpy.swift */; };
		E691C65725DED51E004D41CF /* CardsListSearchViewDelegateSpy.swift in Sources */ = {isa = PBXBuildFile; fileRef = E691C65625DED51E004D41CF /* CardsListSearchViewDelegateSpy.swift */; };
		E691C66925DEE8DC004D41CF /* CardsListView+Texts.swift in Sources */ = {isa = PBXBuildFile; fileRef = E691C66825DEE8DC004D41CF /* CardsListView+Texts.swift */; };
		E691C66E25DEEA96004D41CF /* CardsListViewState.swift in Sources */ = {isa = PBXBuildFile; fileRef = E691C66D25DEEA96004D41CF /* CardsListViewState.swift */; };
		E691C67425DEEB91004D41CF /* CardsListViewControllerProtocol.swift in Sources */ = {isa = PBXBuildFile; fileRef = E691C67325DEEB91004D41CF /* CardsListViewControllerProtocol.swift */; };
		E691C67B25DEF10D004D41CF /* FavoriteCardsListViewController.swift in Sources */ = {isa = PBXBuildFile; fileRef = E691C67A25DEF10D004D41CF /* FavoriteCardsListViewController.swift */; };
		E6AEA71A25DD51EB00375F4E /* CardsListSearchView.swift in Sources */ = {isa = PBXBuildFile; fileRef = E6AEA71925DD51EB00375F4E /* CardsListSearchView.swift */; };
		E6AEA72D25DD5BC200375F4E /* CardsListSearchViewTestCase.swift in Sources */ = {isa = PBXBuildFile; fileRef = E6AEA72C25DD5BC200375F4E /* CardsListSearchViewTestCase.swift */; };
		E6AEA74525DD625F00375F4E /* CardsListDataSource.swift in Sources */ = {isa = PBXBuildFile; fileRef = E6AEA74425DD625F00375F4E /* CardsListDataSource.swift */; };
		E6AEA74925DD635900375F4E /* UIView+Identifiable.swift in Sources */ = {isa = PBXBuildFile; fileRef = E6AEA74825DD635900375F4E /* UIView+Identifiable.swift */; };
		E6AEA74D25DD645C00375F4E /* CardsListHeaderView.swift in Sources */ = {isa = PBXBuildFile; fileRef = E6AEA74C25DD645C00375F4E /* CardsListHeaderView.swift */; };
		E6AEA75225DD7BB000375F4E /* CardCollectionViewCell.swift in Sources */ = {isa = PBXBuildFile; fileRef = E6AEA75125DD7BB000375F4E /* CardCollectionViewCell.swift */; };
		E6AEA76025DD854800375F4E /* AllCardsListViewController.swift in Sources */ = {isa = PBXBuildFile; fileRef = E6AEA75F25DD854800375F4E /* AllCardsListViewController.swift */; };
		E6AEA76625DD861200375F4E /* CardsListView.swift in Sources */ = {isa = PBXBuildFile; fileRef = E6AEA76525DD861200375F4E /* CardsListView.swift */; };
		E6AEA76D25DD9BAB00375F4E /* CardsListDataSourceTestCase.swift in Sources */ = {isa = PBXBuildFile; fileRef = E6AEA76C25DD9BAB00375F4E /* CardsListDataSourceTestCase.swift */; };
		E6AEA77825DD9C8700375F4E /* Card+Extension.swift in Sources */ = {isa = PBXBuildFile; fileRef = E6AEA77725DD9C8700375F4E /* Card+Extension.swift */; };
		E6AEA78525DDB38500375F4E /* CardsListViewTestCase.swift in Sources */ = {isa = PBXBuildFile; fileRef = E6AEA78425DDB38500375F4E /* CardsListViewTestCase.swift */; };
		E6BC833525DFE97E002F83F4 /* main.swift in Sources */ = {isa = PBXBuildFile; fileRef = E6BC833425DFE97E002F83F4 /* main.swift */; };
		E6BC833925DFE9C8002F83F4 /* AppDelegateFake.swift in Sources */ = {isa = PBXBuildFile; fileRef = E6BC833825DFE9C8002F83F4 /* AppDelegateFake.swift */; };
		E6BC834225DFED09002F83F4 /* CardsListViewStateTestCase.swift in Sources */ = {isa = PBXBuildFile; fileRef = E6BC834125DFED09002F83F4 /* CardsListViewStateTestCase.swift */; };
		E6BC835225E013E9002F83F4 /* UIImageView+DownloadImage.swift in Sources */ = {isa = PBXBuildFile; fileRef = E6BC835125E013E9002F83F4 /* UIImageView+DownloadImage.swift */; };
		E6C2698A25E80756006347BE /* CardsListSearchView+UITextDelegate.swift in Sources */ = {isa = PBXBuildFile; fileRef = E6C2698925E80756006347BE /* CardsListSearchView+UITextDelegate.swift */; };
		E6FAE41B25E57F120080E559 /* UIStackView+Border.swift in Sources */ = {isa = PBXBuildFile; fileRef = E6FAE41A25E57F110080E559 /* UIStackView+Border.swift */; };
/* End PBXBuildFile section */

/* Begin PBXContainerItemProxy section */
		BD80ADC025DAB8990016B1BE /* PBXContainerItemProxy */ = {
			isa = PBXContainerItemProxy;
			containerPortal = BD80AD9E25DAB8970016B1BE /* Project object */;
			proxyType = 1;
			remoteGlobalIDString = BD80ADA525DAB8970016B1BE;
			remoteInfo = "Bootcamp-Magic";
		};
/* End PBXContainerItemProxy section */

/* Begin PBXFileReference section */
		994ECBBC25DD364F00F0257F /* Constants.swift */ = {isa = PBXFileReference; fileEncoding = 4; lastKnownFileType = sourcecode.swift; path = Constants.swift; sourceTree = "<group>"; };
		994ECBC625DD367700F0257F /* ExpansionViewController.swift */ = {isa = PBXFileReference; fileEncoding = 4; lastKnownFileType = sourcecode.swift; path = ExpansionViewController.swift; sourceTree = "<group>"; };
		994ECBC725DD367700F0257F /* ExpansionViewControllerDataSource.swift */ = {isa = PBXFileReference; fileEncoding = 4; lastKnownFileType = sourcecode.swift; path = ExpansionViewControllerDataSource.swift; sourceTree = "<group>"; };
		994ECBC825DD367700F0257F /* ExpansionViewControllerScreen.swift */ = {isa = PBXFileReference; fileEncoding = 4; lastKnownFileType = sourcecode.swift; path = ExpansionViewControllerScreen.swift; sourceTree = "<group>"; };
		994ECBC925DD367700F0257F /* ExpansionTableViewCell.swift */ = {isa = PBXFileReference; fileEncoding = 4; lastKnownFileType = sourcecode.swift; path = ExpansionTableViewCell.swift; sourceTree = "<group>"; };
		994ECBD625DD369500F0257F /* TabItem.swift */ = {isa = PBXFileReference; fileEncoding = 4; lastKnownFileType = sourcecode.swift; path = TabItem.swift; sourceTree = "<group>"; };
		994ECBD725DD369500F0257F /* TabNavigationMenu.swift */ = {isa = PBXFileReference; fileEncoding = 4; lastKnownFileType = sourcecode.swift; path = TabNavigationMenu.swift; sourceTree = "<group>"; };
		994ECBD825DD369500F0257F /* NavigationMenuTabBarController.swift */ = {isa = PBXFileReference; fileEncoding = 4; lastKnownFileType = sourcecode.swift; path = NavigationMenuTabBarController.swift; sourceTree = "<group>"; };
		994ECBDA25DD369500F0257F /* Assets.xcassets */ = {isa = PBXFileReference; lastKnownFileType = folder.assetcatalog; path = Assets.xcassets; sourceTree = "<group>"; };
		994ECBDC25DD369500F0257F /* Base */ = {isa = PBXFileReference; lastKnownFileType = file.storyboard; name = Base; path = Base.lproj/LaunchScreen.storyboard; sourceTree = "<group>"; };
		994ECBDF25DD369500F0257F /* AppDelegate.swift */ = {isa = PBXFileReference; fileEncoding = 4; lastKnownFileType = sourcecode.swift; path = AppDelegate.swift; sourceTree = "<group>"; };
		994ECBE025DD369500F0257F /* Info.plist */ = {isa = PBXFileReference; fileEncoding = 4; lastKnownFileType = text.plist.xml; path = Info.plist; sourceTree = "<group>"; };
		994ECBF025DD376100F0257F /* MainCoordinator.swift */ = {isa = PBXFileReference; fileEncoding = 4; lastKnownFileType = sourcecode.swift; path = MainCoordinator.swift; sourceTree = "<group>"; };
		994ECBF725DD376E00F0257F /* ViewCodable.swift */ = {isa = PBXFileReference; fileEncoding = 4; lastKnownFileType = sourcecode.swift; path = ViewCodable.swift; sourceTree = "<group>"; };
		994ECBF825DD376E00F0257F /* Coordinatable.swift */ = {isa = PBXFileReference; fileEncoding = 4; lastKnownFileType = sourcecode.swift; path = Coordinatable.swift; sourceTree = "<group>"; };
		994ECC0925DD50C000F0257F /* ExpansionHeaderView.swift */ = {isa = PBXFileReference; lastKnownFileType = sourcecode.swift; path = ExpansionHeaderView.swift; sourceTree = "<group>"; };
		994ECC0E25DD57A800F0257F /* String+Extensions.swift */ = {isa = PBXFileReference; lastKnownFileType = sourcecode.swift; path = "String+Extensions.swift"; sourceTree = "<group>"; };
		994ECC1625DD58F800F0257F /* Sequence+Extensions.swift */ = {isa = PBXFileReference; lastKnownFileType = sourcecode.swift; path = "Sequence+Extensions.swift"; sourceTree = "<group>"; };
		994ECC1C25DD89E300F0257F /* ExpansionCoordinator.swift */ = {isa = PBXFileReference; lastKnownFileType = sourcecode.swift; path = ExpansionCoordinator.swift; sourceTree = "<group>"; };
		9966CFC225E6916900616431 /* FavoriteCardsCoordinator.swift */ = {isa = PBXFileReference; lastKnownFileType = sourcecode.swift; path = FavoriteCardsCoordinator.swift; sourceTree = "<group>"; };
		9966CFD725E69A3600616431 /* CardListViewModelRemote.swift */ = {isa = PBXFileReference; lastKnownFileType = sourcecode.swift; path = CardListViewModelRemote.swift; sourceTree = "<group>"; };
		9966CFDB25E69B4900616431 /* CardListViewModelLocal.swift */ = {isa = PBXFileReference; lastKnownFileType = sourcecode.swift; path = CardListViewModelLocal.swift; sourceTree = "<group>"; };
		998BAC7825DEE86100CD7C8F /* ExpansionHeaderView.swift */ = {isa = PBXFileReference; lastKnownFileType = sourcecode.swift; path = ExpansionHeaderView.swift; sourceTree = "<group>"; };
		998BAC8025DEEC1C00CD7C8F /* ExpansionTableViewCellTestCase.swift */ = {isa = PBXFileReference; lastKnownFileType = sourcecode.swift; path = ExpansionTableViewCellTestCase.swift; sourceTree = "<group>"; };
		998BAC8425DEEE5300CD7C8F /* ExpansionViewControllerScreenTestCase.swift */ = {isa = PBXFileReference; lastKnownFileType = sourcecode.swift; path = ExpansionViewControllerScreenTestCase.swift; sourceTree = "<group>"; };
		998BAC8D25DFD98A00CD7C8F /* Sequence+ExtensionsTestCase.swift */ = {isa = PBXFileReference; lastKnownFileType = sourcecode.swift; path = "Sequence+ExtensionsTestCase.swift"; sourceTree = "<group>"; };
		998BAC9725DFDC3000CD7C8F /* TabNavigationMenuTestCase.swift */ = {isa = PBXFileReference; lastKnownFileType = sourcecode.swift; path = TabNavigationMenuTestCase.swift; sourceTree = "<group>"; };
		998BAC9D25DFDCFF00CD7C8F /* NavigationMenuTabBarControllerTestCase.swift */ = {isa = PBXFileReference; lastKnownFileType = sourcecode.swift; path = NavigationMenuTabBarControllerTestCase.swift; sourceTree = "<group>"; };
		998BACA325DFE36200CD7C8F /* ExpansionViewControllerNavigation.swift */ = {isa = PBXFileReference; lastKnownFileType = sourcecode.swift; path = ExpansionViewControllerNavigation.swift; sourceTree = "<group>"; };
		9992F28725DC5D620079AD1D /* cards-response.json */ = {isa = PBXFileReference; fileEncoding = 4; lastKnownFileType = text.json; path = "cards-response.json"; sourceTree = "<group>"; };
		9992F28825DC5D620079AD1D /* sets-response.json */ = {isa = PBXFileReference; fileEncoding = 4; lastKnownFileType = text.json; path = "sets-response.json"; sourceTree = "<group>"; };
		BD11DA1525DEF8E100EF1300 /* NetworkManagerRetrievingImageTests.swift */ = {isa = PBXFileReference; lastKnownFileType = sourcecode.swift; path = NetworkManagerRetrievingImageTests.swift; sourceTree = "<group>"; };
		BD11DA2525DF00AB00EF1300 /* Image.ashx.jpeg */ = {isa = PBXFileReference; lastKnownFileType = image.jpeg; path = Image.ashx.jpeg; sourceTree = "<group>"; };
		BD71ED9F25E0314000E6FAB9 /* CardDetailViewControllerTests.swift */ = {isa = PBXFileReference; fileEncoding = 4; lastKnownFileType = sourcecode.swift; path = CardDetailViewControllerTests.swift; sourceTree = "<group>"; };
		BD71EDB025E0554200E6FAB9 /* DidDisplayCellDelegate.swift */ = {isa = PBXFileReference; lastKnownFileType = sourcecode.swift; path = DidDisplayCellDelegate.swift; sourceTree = "<group>"; };
		BD71EDE425E3F36000E6FAB9 /* CardDetailView.swift */ = {isa = PBXFileReference; lastKnownFileType = sourcecode.swift; path = CardDetailView.swift; sourceTree = "<group>"; };
		BD71EDE925E4091600E6FAB9 /* CardDetailViewControllerProtocol.swift */ = {isa = PBXFileReference; lastKnownFileType = sourcecode.swift; path = CardDetailViewControllerProtocol.swift; sourceTree = "<group>"; };
		BD80ADA625DAB8970016B1BE /* Bootcamp-Magic.app */ = {isa = PBXFileReference; explicitFileType = wrapper.application; includeInIndex = 0; path = "Bootcamp-Magic.app"; sourceTree = BUILT_PRODUCTS_DIR; };
		BD80ADBF25DAB8990016B1BE /* Bootcamp-MagicTests.xctest */ = {isa = PBXFileReference; explicitFileType = wrapper.cfbundle; includeInIndex = 0; path = "Bootcamp-MagicTests.xctest"; sourceTree = BUILT_PRODUCTS_DIR; };
		BD80ADC525DAB8990016B1BE /* Info.plist */ = {isa = PBXFileReference; lastKnownFileType = text.plist.xml; path = Info.plist; sourceTree = "<group>"; };
		BD9CDD6B25DE9D590010AE2C /* ImagesService.swift */ = {isa = PBXFileReference; lastKnownFileType = sourcecode.swift; path = ImagesService.swift; sourceTree = "<group>"; };
		BD9CDD7025DE9F950010AE2C /* CardDetailViewModel.swift */ = {isa = PBXFileReference; lastKnownFileType = sourcecode.swift; path = CardDetailViewModel.swift; sourceTree = "<group>"; };
		BD9CDD7F25DEA0AF0010AE2C /* CardDetailCollectionViewDelegate.swift */ = {isa = PBXFileReference; lastKnownFileType = sourcecode.swift; path = CardDetailCollectionViewDelegate.swift; sourceTree = "<group>"; };
		BD9CDD8325DEA0E20010AE2C /* CardDetailViewController.swift */ = {isa = PBXFileReference; lastKnownFileType = sourcecode.swift; path = CardDetailViewController.swift; sourceTree = "<group>"; };
		BD9CDD8725DEA1080010AE2C /* CardDetailCollectionViewDataSource.swift */ = {isa = PBXFileReference; lastKnownFileType = sourcecode.swift; path = CardDetailCollectionViewDataSource.swift; sourceTree = "<group>"; };
		BD9CDD8B25DEA1230010AE2C /* CardDetailCollectionViewFlowLayout.swift */ = {isa = PBXFileReference; lastKnownFileType = sourcecode.swift; path = CardDetailCollectionViewFlowLayout.swift; sourceTree = "<group>"; };
		BD9CDD9A25DEB5540010AE2C /* CardDetailViewModelDelegate.swift */ = {isa = PBXFileReference; lastKnownFileType = sourcecode.swift; path = CardDetailViewModelDelegate.swift; sourceTree = "<group>"; };
		BD9CDDA725DED3920010AE2C /* CardDetailViewModelTestCase.swift */ = {isa = PBXFileReference; lastKnownFileType = sourcecode.swift; path = CardDetailViewModelTestCase.swift; sourceTree = "<group>"; };
		BD9CDDB225DED6EF0010AE2C /* ServiceProtocol.swift */ = {isa = PBXFileReference; lastKnownFileType = sourcecode.swift; path = ServiceProtocol.swift; sourceTree = "<group>"; };
		BD9CDDB925DED8480010AE2C /* FakeCardsArray.swift */ = {isa = PBXFileReference; lastKnownFileType = sourcecode.swift; path = FakeCardsArray.swift; sourceTree = "<group>"; };
		BDA2F84725E685E300A2E2B7 /* CardDetailToggleButton.swift */ = {isa = PBXFileReference; lastKnownFileType = sourcecode.swift; path = CardDetailToggleButton.swift; sourceTree = "<group>"; };
		BDA2F85225E68A6000A2E2B7 /* CardDetailToggleButtonDelegate.swift */ = {isa = PBXFileReference; lastKnownFileType = sourcecode.swift; path = CardDetailToggleButtonDelegate.swift; sourceTree = "<group>"; };
		BDA2F85625E69D1400A2E2B7 /* CardDetailToggleButtonTestCase.swift */ = {isa = PBXFileReference; lastKnownFileType = sourcecode.swift; path = CardDetailToggleButtonTestCase.swift; sourceTree = "<group>"; };
		BDD6541A25E53D44004C9F88 /* CardDetailTestCase.swift */ = {isa = PBXFileReference; lastKnownFileType = sourcecode.swift; path = CardDetailTestCase.swift; sourceTree = "<group>"; };
		BDD6542025E53DEA004C9F88 /* CardDetailDataSource+Fixtures.swift */ = {isa = PBXFileReference; lastKnownFileType = sourcecode.swift; path = "CardDetailDataSource+Fixtures.swift"; sourceTree = "<group>"; };
		BDD6542D25E56B15004C9F88 /* CardDetailCollectionViewDelegateTestCase.swift */ = {isa = PBXFileReference; lastKnownFileType = sourcecode.swift; path = CardDetailCollectionViewDelegateTestCase.swift; sourceTree = "<group>"; };
		BDEE376925DB04EB003B2F5A /* NetworkManager.swift */ = {isa = PBXFileReference; lastKnownFileType = sourcecode.swift; path = NetworkManager.swift; sourceTree = "<group>"; };
		BDEE376E25DB0504003B2F5A /* RequestError.swift */ = {isa = PBXFileReference; lastKnownFileType = sourcecode.swift; path = RequestError.swift; sourceTree = "<group>"; };
		BDEE377325DB052F003B2F5A /* NetworkError.swift */ = {isa = PBXFileReference; lastKnownFileType = sourcecode.swift; path = NetworkError.swift; sourceTree = "<group>"; };
		BDEE377825DB0547003B2F5A /* URLSession + Extension.swift */ = {isa = PBXFileReference; lastKnownFileType = sourcecode.swift; path = "URLSession + Extension.swift"; sourceTree = "<group>"; };
		BDEE377D25DB0562003B2F5A /* NetworkService.swift */ = {isa = PBXFileReference; lastKnownFileType = sourcecode.swift; path = NetworkService.swift; sourceTree = "<group>"; };
		BDEE379225DB0E1C003B2F5A /* CardsService.swift */ = {isa = PBXFileReference; lastKnownFileType = sourcecode.swift; path = CardsService.swift; sourceTree = "<group>"; };
		BDEE37B425DBEE3F003B2F5A /* NetworkServiceStub.swift */ = {isa = PBXFileReference; lastKnownFileType = sourcecode.swift; path = NetworkServiceStub.swift; sourceTree = "<group>"; };
		BDEE37B925DBEF1A003B2F5A /* ServiceFakeDataTask.swift */ = {isa = PBXFileReference; lastKnownFileType = sourcecode.swift; path = ServiceFakeDataTask.swift; sourceTree = "<group>"; };
		BDEE37C425DBF974003B2F5A /* NetworkManagerTests.swift */ = {isa = PBXFileReference; lastKnownFileType = sourcecode.swift; path = NetworkManagerTests.swift; sourceTree = "<group>"; };
		E60CD15825DE8FAB00D941B6 /* CardsListDataSource+Fixture.swift */ = {isa = PBXFileReference; lastKnownFileType = sourcecode.swift; path = "CardsListDataSource+Fixture.swift"; sourceTree = "<group>"; };
		E60CD16125DE922B00D941B6 /* CardsListDelegate.swift */ = {isa = PBXFileReference; lastKnownFileType = sourcecode.swift; path = CardsListDelegate.swift; sourceTree = "<group>"; };
		E60CD18925DE9B9900D941B6 /* CardsListCoordinator.swift */ = {isa = PBXFileReference; lastKnownFileType = sourcecode.swift; path = CardsListCoordinator.swift; sourceTree = "<group>"; };
		E6537A1525DAC14D00ECD9D9 /* Expansion.swift */ = {isa = PBXFileReference; lastKnownFileType = sourcecode.swift; path = Expansion.swift; sourceTree = "<group>"; };
		E6537A2425DAC3BF00ECD9D9 /* ExpansionListTestCase.swift */ = {isa = PBXFileReference; lastKnownFileType = sourcecode.swift; path = ExpansionListTestCase.swift; sourceTree = "<group>"; };
		E6537A2E25DAC40400ECD9D9 /* expansions.json */ = {isa = PBXFileReference; lastKnownFileType = text.json; path = expansions.json; sourceTree = "<group>"; };
		E6537A4E25DADD6100ECD9D9 /* Card.swift */ = {isa = PBXFileReference; lastKnownFileType = sourcecode.swift; path = Card.swift; sourceTree = "<group>"; };
		E6537A5825DAE3E400ECD9D9 /* cards.json */ = {isa = PBXFileReference; lastKnownFileType = text.json; path = cards.json; sourceTree = "<group>"; };
		E6537A5D25DAE54000ECD9D9 /* CardListTestCase.swift */ = {isa = PBXFileReference; lastKnownFileType = sourcecode.swift; path = CardListTestCase.swift; sourceTree = "<group>"; };
		E6537A8C25DAF08400ECD9D9 /* ExpansionListViewModel.swift */ = {isa = PBXFileReference; lastKnownFileType = sourcecode.swift; path = ExpansionListViewModel.swift; sourceTree = "<group>"; };
		E6537A9125DAF14500ECD9D9 /* ExpansionViewModel.swift */ = {isa = PBXFileReference; lastKnownFileType = sourcecode.swift; path = ExpansionViewModel.swift; sourceTree = "<group>"; };
		E6537A9F25DAF95800ECD9D9 /* ExpansionListViewModelTestCase.swift */ = {isa = PBXFileReference; lastKnownFileType = sourcecode.swift; path = ExpansionListViewModelTestCase.swift; sourceTree = "<group>"; };
		E6537AB325DAF9CA00ECD9D9 /* Expansion+Fixture.swift */ = {isa = PBXFileReference; lastKnownFileType = sourcecode.swift; path = "Expansion+Fixture.swift"; sourceTree = "<group>"; };
		E65AE32125E684BE003F938E /* CoreDataProtocol.swift */ = {isa = PBXFileReference; lastKnownFileType = sourcecode.swift; path = CoreDataProtocol.swift; sourceTree = "<group>"; };
		E65AE32725E68502003F938E /* CoreDataContainer.swift */ = {isa = PBXFileReference; lastKnownFileType = sourcecode.swift; path = CoreDataContainer.swift; sourceTree = "<group>"; };
		E65AE32E25E686AC003F938E /* BootcampMagic.xcdatamodel */ = {isa = PBXFileReference; lastKnownFileType = wrapper.xcdatamodel; path = BootcampMagic.xcdatamodel; sourceTree = "<group>"; };
		E65AE33F25E6888E003F938E /* Storageable.swift */ = {isa = PBXFileReference; lastKnownFileType = sourcecode.swift; path = Storageable.swift; sourceTree = "<group>"; };
		E65AE34325E68A1A003F938E /* Card+Storageable.swift */ = {isa = PBXFileReference; lastKnownFileType = sourcecode.swift; path = "Card+Storageable.swift"; sourceTree = "<group>"; };
		E65AE34925E68B1E003F938E /* DatabaseProtocol.swift */ = {isa = PBXFileReference; lastKnownFileType = sourcecode.swift; path = DatabaseProtocol.swift; sourceTree = "<group>"; };
		E65AE35625E68CDA003F938E /* CoreDataDB.swift */ = {isa = PBXFileReference; lastKnownFileType = sourcecode.swift; path = CoreDataDB.swift; sourceTree = "<group>"; };
		E65AE35E25E698C2003F938E /* CoreDataContainerFake.swift */ = {isa = PBXFileReference; lastKnownFileType = sourcecode.swift; path = CoreDataContainerFake.swift; sourceTree = "<group>"; };
		E65AE36425E699A8003F938E /* CoreDataDBTestCase.swift */ = {isa = PBXFileReference; lastKnownFileType = sourcecode.swift; path = CoreDataDBTestCase.swift; sourceTree = "<group>"; };
		E65AE38A25E6F568003F938E /* CardDetailCoordinator.swift */ = {isa = PBXFileReference; lastKnownFileType = sourcecode.swift; path = CardDetailCoordinator.swift; sourceTree = "<group>"; };
		E679579725DBE97900EAC7E8 /* CardViewModel.swift */ = {isa = PBXFileReference; lastKnownFileType = sourcecode.swift; path = CardViewModel.swift; sourceTree = "<group>"; };
		E679579C25DBEA1100EAC7E8 /* CardListViewModel.swift */ = {isa = PBXFileReference; lastKnownFileType = sourcecode.swift; path = CardListViewModel.swift; sourceTree = "<group>"; };
		E67957BC25DBF8B600EAC7E8 /* CardListViewModelTestCase.swift */ = {isa = PBXFileReference; lastKnownFileType = sourcecode.swift; path = CardListViewModelTestCase.swift; sourceTree = "<group>"; };
		E67957C525DC064600EAC7E8 /* Dict.swift */ = {isa = PBXFileReference; lastKnownFileType = sourcecode.swift; path = Dict.swift; sourceTree = "<group>"; };
		E691C62525DEA7DA004D41CF /* Fonts.swift */ = {isa = PBXFileReference; lastKnownFileType = sourcecode.swift; path = Fonts.swift; sourceTree = "<group>"; };
		E691C62925DEBA47004D41CF /* Roboto-Bold.ttf */ = {isa = PBXFileReference; lastKnownFileType = file; path = "Roboto-Bold.ttf"; sourceTree = "<group>"; };
		E691C63A25DECC73004D41CF /* CardsListHeaderViewTestCase.swift */ = {isa = PBXFileReference; lastKnownFileType = sourcecode.swift; path = CardsListHeaderViewTestCase.swift; sourceTree = "<group>"; };
		E691C64125DECDF8004D41CF /* CardsListViewControllerTestCase.swift */ = {isa = PBXFileReference; lastKnownFileType = sourcecode.swift; path = CardsListViewControllerTestCase.swift; sourceTree = "<group>"; };
		E691C64925DECFBE004D41CF /* CardsListCoordinatorSpy.swift */ = {isa = PBXFileReference; lastKnownFileType = sourcecode.swift; path = CardsListCoordinatorSpy.swift; sourceTree = "<group>"; };
		E691C65025DED104004D41CF /* CardsListDelegateSpy.swift */ = {isa = PBXFileReference; lastKnownFileType = sourcecode.swift; path = CardsListDelegateSpy.swift; sourceTree = "<group>"; };
		E691C65625DED51E004D41CF /* CardsListSearchViewDelegateSpy.swift */ = {isa = PBXFileReference; lastKnownFileType = sourcecode.swift; path = CardsListSearchViewDelegateSpy.swift; sourceTree = "<group>"; };
		E691C66825DEE8DC004D41CF /* CardsListView+Texts.swift */ = {isa = PBXFileReference; lastKnownFileType = sourcecode.swift; path = "CardsListView+Texts.swift"; sourceTree = "<group>"; };
		E691C66D25DEEA96004D41CF /* CardsListViewState.swift */ = {isa = PBXFileReference; lastKnownFileType = sourcecode.swift; path = CardsListViewState.swift; sourceTree = "<group>"; };
		E691C67325DEEB91004D41CF /* CardsListViewControllerProtocol.swift */ = {isa = PBXFileReference; lastKnownFileType = sourcecode.swift; path = CardsListViewControllerProtocol.swift; sourceTree = "<group>"; };
		E691C67A25DEF10D004D41CF /* FavoriteCardsListViewController.swift */ = {isa = PBXFileReference; lastKnownFileType = sourcecode.swift; path = FavoriteCardsListViewController.swift; sourceTree = "<group>"; };
		E6AEA71925DD51EB00375F4E /* CardsListSearchView.swift */ = {isa = PBXFileReference; lastKnownFileType = sourcecode.swift; path = CardsListSearchView.swift; sourceTree = "<group>"; };
		E6AEA72C25DD5BC200375F4E /* CardsListSearchViewTestCase.swift */ = {isa = PBXFileReference; lastKnownFileType = sourcecode.swift; path = CardsListSearchViewTestCase.swift; sourceTree = "<group>"; };
		E6AEA74425DD625F00375F4E /* CardsListDataSource.swift */ = {isa = PBXFileReference; lastKnownFileType = sourcecode.swift; path = CardsListDataSource.swift; sourceTree = "<group>"; };
		E6AEA74825DD635900375F4E /* UIView+Identifiable.swift */ = {isa = PBXFileReference; lastKnownFileType = sourcecode.swift; path = "UIView+Identifiable.swift"; sourceTree = "<group>"; };
		E6AEA74C25DD645C00375F4E /* CardsListHeaderView.swift */ = {isa = PBXFileReference; lastKnownFileType = sourcecode.swift; path = CardsListHeaderView.swift; sourceTree = "<group>"; };
		E6AEA75125DD7BB000375F4E /* CardCollectionViewCell.swift */ = {isa = PBXFileReference; lastKnownFileType = sourcecode.swift; path = CardCollectionViewCell.swift; sourceTree = "<group>"; };
		E6AEA75F25DD854800375F4E /* AllCardsListViewController.swift */ = {isa = PBXFileReference; lastKnownFileType = sourcecode.swift; path = AllCardsListViewController.swift; sourceTree = "<group>"; };
		E6AEA76525DD861200375F4E /* CardsListView.swift */ = {isa = PBXFileReference; lastKnownFileType = sourcecode.swift; path = CardsListView.swift; sourceTree = "<group>"; };
		E6AEA76C25DD9BAB00375F4E /* CardsListDataSourceTestCase.swift */ = {isa = PBXFileReference; lastKnownFileType = sourcecode.swift; path = CardsListDataSourceTestCase.swift; sourceTree = "<group>"; };
		E6AEA77725DD9C8700375F4E /* Card+Extension.swift */ = {isa = PBXFileReference; lastKnownFileType = sourcecode.swift; path = "Card+Extension.swift"; sourceTree = "<group>"; };
		E6AEA78425DDB38500375F4E /* CardsListViewTestCase.swift */ = {isa = PBXFileReference; lastKnownFileType = sourcecode.swift; path = CardsListViewTestCase.swift; sourceTree = "<group>"; };
		E6BC833425DFE97E002F83F4 /* main.swift */ = {isa = PBXFileReference; lastKnownFileType = sourcecode.swift; path = main.swift; sourceTree = "<group>"; };
		E6BC833825DFE9C8002F83F4 /* AppDelegateFake.swift */ = {isa = PBXFileReference; lastKnownFileType = sourcecode.swift; path = AppDelegateFake.swift; sourceTree = "<group>"; };
		E6BC834125DFED09002F83F4 /* CardsListViewStateTestCase.swift */ = {isa = PBXFileReference; lastKnownFileType = sourcecode.swift; path = CardsListViewStateTestCase.swift; sourceTree = "<group>"; };
		E6BC835125E013E9002F83F4 /* UIImageView+DownloadImage.swift */ = {isa = PBXFileReference; lastKnownFileType = sourcecode.swift; path = "UIImageView+DownloadImage.swift"; sourceTree = "<group>"; };
		E6C2698925E80756006347BE /* CardsListSearchView+UITextDelegate.swift */ = {isa = PBXFileReference; lastKnownFileType = sourcecode.swift; path = "CardsListSearchView+UITextDelegate.swift"; sourceTree = "<group>"; };
		E6FAE41A25E57F110080E559 /* UIStackView+Border.swift */ = {isa = PBXFileReference; lastKnownFileType = sourcecode.swift; path = "UIStackView+Border.swift"; sourceTree = "<group>"; };
/* End PBXFileReference section */

/* Begin PBXFrameworksBuildPhase section */
		BD80ADA325DAB8970016B1BE /* Frameworks */ = {
			isa = PBXFrameworksBuildPhase;
			buildActionMask = 2147483647;
			files = (
				9992F27125DC3D070079AD1D /* SnapKit in Frameworks */,
			);
			runOnlyForDeploymentPostprocessing = 0;
		};
		BD80ADBC25DAB8990016B1BE /* Frameworks */ = {
			isa = PBXFrameworksBuildPhase;
			buildActionMask = 2147483647;
			files = (
				E60CD18325DE9B3500D941B6 /* SnapshotTesting in Frameworks */,
			);
			runOnlyForDeploymentPostprocessing = 0;
		};
/* End PBXFrameworksBuildPhase section */

/* Begin PBXGroup section */
		994ECBC425DD367700F0257F /* ViewController */ = {
			isa = PBXGroup;
			children = (
				9966CFC625E691FC00616431 /* FavoriteCards */,
				E6AEA71825DD51C600375F4E /* CardsList */,
				BD9CDD7E25DEA0910010AE2C /* CardDetail */,
				994ECBC525DD367700F0257F /* Expansion */,
			);
			path = ViewController;
			sourceTree = "<group>";
		};
		994ECBC525DD367700F0257F /* Expansion */ = {
			isa = PBXGroup;
			children = (
				998BACAF25DFE7CE00CD7C8F /* Protocols */,
				998BACAB25DFE7AB00CD7C8F /* DataSource */,
				994ECBC625DD367700F0257F /* ExpansionViewController.swift */,
			);
			path = Expansion;
			sourceTree = "<group>";
		};
		994ECBD525DD369500F0257F /* TabBar */ = {
			isa = PBXGroup;
			children = (
				994ECBD625DD369500F0257F /* TabItem.swift */,
				994ECBD725DD369500F0257F /* TabNavigationMenu.swift */,
				994ECBD825DD369500F0257F /* NavigationMenuTabBarController.swift */,
			);
			path = TabBar;
			sourceTree = "<group>";
		};
		994ECBD925DD369500F0257F /* Core */ = {
			isa = PBXGroup;
			children = (
				994ECBDA25DD369500F0257F /* Assets.xcassets */,
				994ECBDB25DD369500F0257F /* LaunchScreen.storyboard */,
				E6BC833D25DFEB03002F83F4 /* AppDelegate */,
				994ECBE025DD369500F0257F /* Info.plist */,
				E6BC833425DFE97E002F83F4 /* main.swift */,
				E65AE32D25E686AC003F938E /* BootcampMagic.xcdatamodeld */,
			);
			path = Core;
			sourceTree = "<group>";
		};
		994ECBEF25DD376000F0257F /* Coordinator */ = {
			isa = PBXGroup;
			children = (
				994ECBF025DD376100F0257F /* MainCoordinator.swift */,
				994ECC1C25DD89E300F0257F /* ExpansionCoordinator.swift */,
				E60CD18925DE9B9900D941B6 /* CardsListCoordinator.swift */,
				9966CFC225E6916900616431 /* FavoriteCardsCoordinator.swift */,
				E65AE38A25E6F568003F938E /* CardDetailCoordinator.swift */,
			);
			name = Coordinator;
			path = "Bootcamp-Magic/Coordinator";
			sourceTree = SOURCE_ROOT;
		};
		994ECBF625DD376E00F0257F /* Protocols */ = {
			isa = PBXGroup;
			children = (
				994ECBF725DD376E00F0257F /* ViewCodable.swift */,
				994ECBF825DD376E00F0257F /* Coordinatable.swift */,
			);
			name = Protocols;
			path = "Bootcamp-Magic/Protocols";
			sourceTree = SOURCE_ROOT;
		};
		994ECC0D25DD579B00F0257F /* Extensions */ = {
			isa = PBXGroup;
			children = (
				994ECC0E25DD57A800F0257F /* String+Extensions.swift */,
				994ECC1625DD58F800F0257F /* Sequence+Extensions.swift */,
				E6AEA74825DD635900375F4E /* UIView+Identifiable.swift */,
				E6BC835125E013E9002F83F4 /* UIImageView+DownloadImage.swift */,
				E6FAE41A25E57F110080E559 /* UIStackView+Border.swift */,
			);
			path = Extensions;
			sourceTree = "<group>";
		};
		9966CFBB25E68EC400616431 /* Expansion */ = {
			isa = PBXGroup;
			children = (
				994ECBC825DD367700F0257F /* ExpansionViewControllerScreen.swift */,
				994ECBC925DD367700F0257F /* ExpansionTableViewCell.swift */,
				994ECC0925DD50C000F0257F /* ExpansionHeaderView.swift */,
			);
			path = Expansion;
			sourceTree = "<group>";
		};
		9966CFC625E691FC00616431 /* FavoriteCards */ = {
			isa = PBXGroup;
			children = (
				E691C67A25DEF10D004D41CF /* FavoriteCardsListViewController.swift */,
			);
			path = FavoriteCards;
			sourceTree = "<group>";
		};
		998BAC7425DEE71C00CD7C8F /* ViewController */ = {
			isa = PBXGroup;
			children = (
				998BAC7525DEE72600CD7C8F /* Expansion */,
			);
			path = ViewController;
			sourceTree = "<group>";
		};
		998BAC7525DEE72600CD7C8F /* Expansion */ = {
			isa = PBXGroup;
			children = (
				998BAC7825DEE86100CD7C8F /* ExpansionHeaderView.swift */,
				998BAC8025DEEC1C00CD7C8F /* ExpansionTableViewCellTestCase.swift */,
				998BAC8425DEEE5300CD7C8F /* ExpansionViewControllerScreenTestCase.swift */,
			);
			path = Expansion;
			sourceTree = "<group>";
		};
		998BAC8C25DFD96C00CD7C8F /* Extensions */ = {
			isa = PBXGroup;
			children = (
				998BAC8D25DFD98A00CD7C8F /* Sequence+ExtensionsTestCase.swift */,
			);
			path = Extensions;
			sourceTree = "<group>";
		};
		998BAC9525DFDC1000CD7C8F /* View */ = {
			isa = PBXGroup;
			children = (
				998BAC9625DFDC1600CD7C8F /* TabBar */,
			);
			path = View;
			sourceTree = "<group>";
		};
		998BAC9625DFDC1600CD7C8F /* TabBar */ = {
			isa = PBXGroup;
			children = (
				998BAC9725DFDC3000CD7C8F /* TabNavigationMenuTestCase.swift */,
				998BAC9D25DFDCFF00CD7C8F /* NavigationMenuTabBarControllerTestCase.swift */,
			);
			path = TabBar;
			sourceTree = "<group>";
		};
		998BACAB25DFE7AB00CD7C8F /* DataSource */ = {
			isa = PBXGroup;
			children = (
				994ECBC725DD367700F0257F /* ExpansionViewControllerDataSource.swift */,
			);
			path = DataSource;
			sourceTree = "<group>";
		};
		998BACAF25DFE7CE00CD7C8F /* Protocols */ = {
			isa = PBXGroup;
			children = (
				998BACA325DFE36200CD7C8F /* ExpansionViewControllerNavigation.swift */,
			);
			path = Protocols;
			sourceTree = "<group>";
		};
		9992F28625DC5D410079AD1D /* JSONFiles */ = {
			isa = PBXGroup;
			children = (
				9992F28725DC5D620079AD1D /* cards-response.json */,
				9992F28825DC5D620079AD1D /* sets-response.json */,
			);
			path = JSONFiles;
			sourceTree = "<group>";
		};
		BD11DA3B25DFE7D500EF1300 /* DataSource */ = {
			isa = PBXGroup;
			children = (
				BD9CDD8725DEA1080010AE2C /* CardDetailCollectionViewDataSource.swift */,
			);
			path = DataSource;
			sourceTree = "<group>";
		};
		BD11DA3C25DFE7DF00EF1300 /* Delegate */ = {
			isa = PBXGroup;
			children = (
				BD9CDD7F25DEA0AF0010AE2C /* CardDetailCollectionViewDelegate.swift */,
				BD71EDB025E0554200E6FAB9 /* DidDisplayCellDelegate.swift */,
			);
			path = Delegate;
			sourceTree = "<group>";
		};
		BD11DA3D25DFE80700EF1300 /* ViewController */ = {
			isa = PBXGroup;
			children = (
				BD71EDE825E408FB00E6FAB9 /* Protocol */,
				BD9CDD8325DEA0E20010AE2C /* CardDetailViewController.swift */,
			);
			path = ViewController;
			sourceTree = "<group>";
		};
		BD71ED9D25E0314000E6FAB9 /* CardsDetailViewModule */ = {
			isa = PBXGroup;
			children = (
				BDD6542C25E5696A004C9F88 /* Delegate */,
				BDD6541925E53D24004C9F88 /* Views */,
				BD71ED9E25E0314000E6FAB9 /* ViewController */,
			);
			path = CardsDetailViewModule;
			sourceTree = "<group>";
		};
		BD71ED9E25E0314000E6FAB9 /* ViewController */ = {
			isa = PBXGroup;
			children = (
				BD71ED9F25E0314000E6FAB9 /* CardDetailViewControllerTests.swift */,
			);
			path = ViewController;
			sourceTree = "<group>";
		};
		BD71EDE825E408FB00E6FAB9 /* Protocol */ = {
			isa = PBXGroup;
			children = (
				BD71EDE925E4091600E6FAB9 /* CardDetailViewControllerProtocol.swift */,
			);
			path = Protocol;
			sourceTree = "<group>";
		};
		BD80AD9D25DAB8970016B1BE = {
			isa = PBXGroup;
			children = (
				BD80ADA825DAB8970016B1BE /* Bootcamp-Magic */,
				BD80ADC225DAB8990016B1BE /* Bootcamp-MagicTests */,
				BD80ADA725DAB8970016B1BE /* Products */,
				E6AEA73025DD5E8A00375F4E /* Frameworks */,
			);
			sourceTree = "<group>";
		};
		BD80ADA725DAB8970016B1BE /* Products */ = {
			isa = PBXGroup;
			children = (
				BD80ADA625DAB8970016B1BE /* Bootcamp-Magic.app */,
				BD80ADBF25DAB8990016B1BE /* Bootcamp-MagicTests.xctest */,
			);
			name = Products;
			sourceTree = "<group>";
		};
		BD80ADA825DAB8970016B1BE /* Bootcamp-Magic */ = {
			isa = PBXGroup;
			children = (
				E65AE32025E68496003F938E /* Storage */,
				BD9CDD7625DE9FEA0010AE2C /* View */,
				994ECC0D25DD579B00F0257F /* Extensions */,
				994ECBF625DD376E00F0257F /* Protocols */,
				994ECBEF25DD376000F0257F /* Coordinator */,
				994ECBD925DD369500F0257F /* Core */,
				994ECBC425DD367700F0257F /* ViewController */,
				E67957C425DC063900EAC7E8 /* Utils */,
				BDEE378525DB0589003B2F5A /* Network */,
				E6537A8B25DAF05800ECD9D9 /* ViewModel */,
				E6537A1125DAC12B00ECD9D9 /* Model */,
			);
			path = "Bootcamp-Magic";
			sourceTree = "<group>";
		};
		BD80ADC225DAB8990016B1BE /* Bootcamp-MagicTests */ = {
			isa = PBXGroup;
			children = (
				E65AE35C25E69816003F938E /* Storage */,
				BD71ED9D25E0314000E6FAB9 /* CardsDetailViewModule */,
				998BAC9525DFDC1000CD7C8F /* View */,
				998BAC8C25DFD96C00CD7C8F /* Extensions */,
				998BAC7425DEE71C00CD7C8F /* ViewController */,
				E6AEA72725DD5B3E00375F4E /* CardsListViewModule */,
				BDEE379125DB0C6D003B2F5A /* Network */,
				E6537A9D25DAF93B00ECD9D9 /* ViewModel */,
				E6537A2D25DAC3EF00ECD9D9 /* Helpers */,
				E6537A2325DAC3A200ECD9D9 /* Model */,
				BD80ADC525DAB8990016B1BE /* Info.plist */,
			);
			path = "Bootcamp-MagicTests";
			sourceTree = "<group>";
		};
		BD9CDD6F25DE9F700010AE2C /* CardDetail */ = {
			isa = PBXGroup;
			children = (
				BD9CDD9925DEB5380010AE2C /* Delegate */,
				BD9CDD7025DE9F950010AE2C /* CardDetailViewModel.swift */,
			);
			path = CardDetail;
			sourceTree = "<group>";
		};
		BD9CDD7625DE9FEA0010AE2C /* View */ = {
			isa = PBXGroup;
			children = (
				9966CFBB25E68EC400616431 /* Expansion */,
				994ECBD525DD369500F0257F /* TabBar */,
				E691C68025DEF791004D41CF /* CardsList */,
				BD9CDD7725DEA0410010AE2C /* CardDetail */,
			);
			path = View;
			sourceTree = "<group>";
		};
		BD9CDD7725DEA0410010AE2C /* CardDetail */ = {
			isa = PBXGroup;
			children = (
				BDA2F84B25E68A2C00A2E2B7 /* Protocol */,
				BD71EDE425E3F36000E6FAB9 /* CardDetailView.swift */,
				BDA2F84725E685E300A2E2B7 /* CardDetailToggleButton.swift */,
			);
			path = CardDetail;
			sourceTree = "<group>";
		};
		BD9CDD7E25DEA0910010AE2C /* CardDetail */ = {
			isa = PBXGroup;
			children = (
				BD11DA3D25DFE80700EF1300 /* ViewController */,
				BD11DA3C25DFE7DF00EF1300 /* Delegate */,
				BD11DA3B25DFE7D500EF1300 /* DataSource */,
				BD9CDD8B25DEA1230010AE2C /* CardDetailCollectionViewFlowLayout.swift */,
			);
			path = CardDetail;
			sourceTree = "<group>";
		};
		BD9CDD9925DEB5380010AE2C /* Delegate */ = {
			isa = PBXGroup;
			children = (
				BD9CDD9A25DEB5540010AE2C /* CardDetailViewModelDelegate.swift */,
			);
			path = Delegate;
			sourceTree = "<group>";
		};
		BD9CDDA625DED32E0010AE2C /* Detail */ = {
			isa = PBXGroup;
			children = (
				BD9CDDB625DED8110010AE2C /* Fakes */,
				BD9CDDA725DED3920010AE2C /* CardDetailViewModelTestCase.swift */,
			);
			path = Detail;
			sourceTree = "<group>";
		};
		BD9CDDB625DED8110010AE2C /* Fakes */ = {
			isa = PBXGroup;
			children = (
				BD9CDDB925DED8480010AE2C /* FakeCardsArray.swift */,
			);
			path = Fakes;
			sourceTree = "<group>";
		};
		BDA2F84B25E68A2C00A2E2B7 /* Protocol */ = {
			isa = PBXGroup;
			children = (
				BDA2F85225E68A6000A2E2B7 /* CardDetailToggleButtonDelegate.swift */,
			);
			path = Protocol;
			sourceTree = "<group>";
		};
		BDD6541925E53D24004C9F88 /* Views */ = {
			isa = PBXGroup;
			children = (
				BDD6541A25E53D44004C9F88 /* CardDetailTestCase.swift */,
				BDA2F85625E69D1400A2E2B7 /* CardDetailToggleButtonTestCase.swift */,
			);
			path = Views;
			sourceTree = "<group>";
		};
		BDD6542C25E5696A004C9F88 /* Delegate */ = {
			isa = PBXGroup;
			children = (
				BDD6542D25E56B15004C9F88 /* CardDetailCollectionViewDelegateTestCase.swift */,
			);
			path = Delegate;
			sourceTree = "<group>";
		};
		BDEE378525DB0589003B2F5A /* Network */ = {
			isa = PBXGroup;
			children = (
				BDEE379225DB0E1C003B2F5A /* CardsService.swift */,
				BD9CDD6B25DE9D590010AE2C /* ImagesService.swift */,
				BDEE377325DB052F003B2F5A /* NetworkError.swift */,
				BDEE376925DB04EB003B2F5A /* NetworkManager.swift */,
				BDEE378725DB0596003B2F5A /* Protocols */,
				BDEE378625DB0590003B2F5A /* Helpers */,
			);
			path = Network;
			sourceTree = "<group>";
		};
		BDEE378625DB0590003B2F5A /* Helpers */ = {
			isa = PBXGroup;
			children = (
				BDEE377825DB0547003B2F5A /* URLSession + Extension.swift */,
			);
			path = Helpers;
			sourceTree = "<group>";
		};
		BDEE378725DB0596003B2F5A /* Protocols */ = {
			isa = PBXGroup;
			children = (
				BDEE377D25DB0562003B2F5A /* NetworkService.swift */,
				BDEE376E25DB0504003B2F5A /* RequestError.swift */,
				BD9CDDB225DED6EF0010AE2C /* ServiceProtocol.swift */,
			);
			path = Protocols;
			sourceTree = "<group>";
		};
		BDEE379125DB0C6D003B2F5A /* Network */ = {
			isa = PBXGroup;
			children = (
				9992F28625DC5D410079AD1D /* JSONFiles */,
				BDEE37AA25DBEDCD003B2F5A /* Fakes */,
				BDEE37A925DBED9E003B2F5A /* Stubs */,
				BDEE37C425DBF974003B2F5A /* NetworkManagerTests.swift */,
				BD11DA1525DEF8E100EF1300 /* NetworkManagerRetrievingImageTests.swift */,
			);
			path = Network;
			sourceTree = "<group>";
		};
		BDEE37A925DBED9E003B2F5A /* Stubs */ = {
			isa = PBXGroup;
			children = (
				BDEE37B425DBEE3F003B2F5A /* NetworkServiceStub.swift */,
			);
			path = Stubs;
			sourceTree = "<group>";
		};
		BDEE37AA25DBEDCD003B2F5A /* Fakes */ = {
			isa = PBXGroup;
			children = (
				BD11DA2525DF00AB00EF1300 /* Image.ashx.jpeg */,
				BDEE37B925DBEF1A003B2F5A /* ServiceFakeDataTask.swift */,
			);
			path = Fakes;
			sourceTree = "<group>";
		};
		E60CD16025DE921A00D941B6 /* Delegate */ = {
			isa = PBXGroup;
			children = (
				E60CD16125DE922B00D941B6 /* CardsListDelegate.swift */,
			);
			path = Delegate;
			sourceTree = "<group>";
		};
		E6537A1125DAC12B00ECD9D9 /* Model */ = {
			isa = PBXGroup;
			children = (
				E6537A1525DAC14D00ECD9D9 /* Expansion.swift */,
				E6537A4E25DADD6100ECD9D9 /* Card.swift */,
				E65AE34325E68A1A003F938E /* Card+Storageable.swift */,
			);
			path = Model;
			sourceTree = "<group>";
		};
		E6537A2325DAC3A200ECD9D9 /* Model */ = {
			isa = PBXGroup;
			children = (
				E6537A2425DAC3BF00ECD9D9 /* ExpansionListTestCase.swift */,
				E6537A5D25DAE54000ECD9D9 /* CardListTestCase.swift */,
			);
			path = Model;
			sourceTree = "<group>";
		};
		E6537A2D25DAC3EF00ECD9D9 /* Helpers */ = {
			isa = PBXGroup;
			children = (
				E6537AA725DAF9A700ECD9D9 /* Fixtures */,
				E6537A2E25DAC40400ECD9D9 /* expansions.json */,
				E6537A5825DAE3E400ECD9D9 /* cards.json */,
			);
			path = Helpers;
			sourceTree = "<group>";
		};
		E6537A8B25DAF05800ECD9D9 /* ViewModel */ = {
			isa = PBXGroup;
			children = (
				BD9CDD6F25DE9F700010AE2C /* CardDetail */,
				E679579625DBE96B00EAC7E8 /* Card */,
				E6537A9625DAF1B200ECD9D9 /* Expansion */,
			);
			path = ViewModel;
			sourceTree = "<group>";
		};
		E6537A9625DAF1B200ECD9D9 /* Expansion */ = {
			isa = PBXGroup;
			children = (
				E6537A8C25DAF08400ECD9D9 /* ExpansionListViewModel.swift */,
				E6537A9125DAF14500ECD9D9 /* ExpansionViewModel.swift */,
			);
			path = Expansion;
			sourceTree = "<group>";
		};
		E6537A9D25DAF93B00ECD9D9 /* ViewModel */ = {
			isa = PBXGroup;
			children = (
				BD9CDDA625DED32E0010AE2C /* Detail */,
				E67957BB25DBF89B00EAC7E8 /* Card */,
				E6537A9E25DAF94000ECD9D9 /* Expansion */,
			);
			path = ViewModel;
			sourceTree = "<group>";
		};
		E6537A9E25DAF94000ECD9D9 /* Expansion */ = {
			isa = PBXGroup;
			children = (
				E6537A9F25DAF95800ECD9D9 /* ExpansionListViewModelTestCase.swift */,
			);
			path = Expansion;
			sourceTree = "<group>";
		};
		E6537AA725DAF9A700ECD9D9 /* Fixtures */ = {
			isa = PBXGroup;
			children = (
				E6537AB325DAF9CA00ECD9D9 /* Expansion+Fixture.swift */,
				E6AEA77725DD9C8700375F4E /* Card+Extension.swift */,
				E60CD15825DE8FAB00D941B6 /* CardsListDataSource+Fixture.swift */,
				BDD6542025E53DEA004C9F88 /* CardDetailDataSource+Fixtures.swift */,
			);
			path = Fixtures;
			sourceTree = "<group>";
		};
		E65AE32025E68496003F938E /* Storage */ = {
			isa = PBXGroup;
			children = (
				E65AE34D25E68C84003F938E /* CoreData */,
				E65AE33F25E6888E003F938E /* Storageable.swift */,
				E65AE34925E68B1E003F938E /* DatabaseProtocol.swift */,
			);
			path = Storage;
			sourceTree = "<group>";
		};
		E65AE34D25E68C84003F938E /* CoreData */ = {
			isa = PBXGroup;
			children = (
				E65AE32125E684BE003F938E /* CoreDataProtocol.swift */,
				E65AE32725E68502003F938E /* CoreDataContainer.swift */,
				E65AE35625E68CDA003F938E /* CoreDataDB.swift */,
			);
			path = CoreData;
			sourceTree = "<group>";
		};
		E65AE35C25E69816003F938E /* Storage */ = {
			isa = PBXGroup;
			children = (
				E65AE35D25E6984D003F938E /* CoreData */,
			);
			path = Storage;
			sourceTree = "<group>";
		};
		E65AE35D25E6984D003F938E /* CoreData */ = {
			isa = PBXGroup;
			children = (
				E65AE35E25E698C2003F938E /* CoreDataContainerFake.swift */,
				E65AE36425E699A8003F938E /* CoreDataDBTestCase.swift */,
			);
			name = CoreData;
			sourceTree = "<group>";
		};
		E679579625DBE96B00EAC7E8 /* Card */ = {
			isa = PBXGroup;
			children = (
				E679579725DBE97900EAC7E8 /* CardViewModel.swift */,
				E679579C25DBEA1100EAC7E8 /* CardListViewModel.swift */,
				9966CFD725E69A3600616431 /* CardListViewModelRemote.swift */,
				9966CFDB25E69B4900616431 /* CardListViewModelLocal.swift */,
			);
			path = Card;
			sourceTree = "<group>";
		};
		E67957BB25DBF89B00EAC7E8 /* Card */ = {
			isa = PBXGroup;
			children = (
				E67957BC25DBF8B600EAC7E8 /* CardListViewModelTestCase.swift */,
			);
			path = Card;
			sourceTree = "<group>";
		};
		E67957C425DC063900EAC7E8 /* Utils */ = {
			isa = PBXGroup;
			children = (
				E691C62025DEA7AA004D41CF /* Fonts */,
				994ECBBC25DD364F00F0257F /* Constants.swift */,
				E67957C525DC064600EAC7E8 /* Dict.swift */,
			);
			path = Utils;
			sourceTree = "<group>";
		};
		E691C62025DEA7AA004D41CF /* Fonts */ = {
			isa = PBXGroup;
			children = (
				E691C62925DEBA47004D41CF /* Roboto-Bold.ttf */,
				E691C62525DEA7DA004D41CF /* Fonts.swift */,
			);
			path = Fonts;
			sourceTree = "<group>";
		};
		E691C63925DECC5E004D41CF /* CollectionView */ = {
			isa = PBXGroup;
			children = (
				E691C63A25DECC73004D41CF /* CardsListHeaderViewTestCase.swift */,
			);
			path = CollectionView;
			sourceTree = "<group>";
		};
		E691C64025DECDE4004D41CF /* ViewControllers */ = {
			isa = PBXGroup;
			children = (
				E691C64125DECDF8004D41CF /* CardsListViewControllerTestCase.swift */,
			);
			path = ViewControllers;
			sourceTree = "<group>";
		};
		E691C64725DECF3F004D41CF /* Coordinator */ = {
			isa = PBXGroup;
			children = (
			);
			path = Coordinator;
			sourceTree = "<group>";
		};
		E691C64825DECFAA004D41CF /* Spy */ = {
			isa = PBXGroup;
			children = (
				E691C64925DECFBE004D41CF /* CardsListCoordinatorSpy.swift */,
				E691C65025DED104004D41CF /* CardsListDelegateSpy.swift */,
				E691C65625DED51E004D41CF /* CardsListSearchViewDelegateSpy.swift */,
			);
			path = Spy;
			sourceTree = "<group>";
		};
		E691C66C25DEEA8A004D41CF /* Enum */ = {
			isa = PBXGroup;
			children = (
				E691C66D25DEEA96004D41CF /* CardsListViewState.swift */,
			);
			path = Enum;
			sourceTree = "<group>";
		};
		E691C67925DEF0F0004D41CF /* Protocol */ = {
			isa = PBXGroup;
			children = (
				E691C67325DEEB91004D41CF /* CardsListViewControllerProtocol.swift */,
			);
			path = Protocol;
			sourceTree = "<group>";
		};
		E691C68025DEF791004D41CF /* CardsList */ = {
			isa = PBXGroup;
			children = (
				E6AEA76325DD85DF00375F4E /* Subviews */,
				E6AEA75025DD669E00375F4E /* CollectionView */,
				E6AEA76525DD861200375F4E /* CardsListView.swift */,
				E691C66825DEE8DC004D41CF /* CardsListView+Texts.swift */,
			);
			path = CardsList;
			sourceTree = "<group>";
		};
		E6AEA71825DD51C600375F4E /* CardsList */ = {
			isa = PBXGroup;
			children = (
				E691C66C25DEEA8A004D41CF /* Enum */,
				E6AEA73B25DD622200375F4E /* DataSource */,
				E60CD16025DE921A00D941B6 /* Delegate */,
				E6AEA73A25DD621B00375F4E /* ViewControllers */,
			);
			path = CardsList;
			sourceTree = "<group>";
		};
		E6AEA72725DD5B3E00375F4E /* CardsListViewModule */ = {
			isa = PBXGroup;
			children = (
				E6BC834025DFECEC002F83F4 /* Enum */,
				E691C64825DECFAA004D41CF /* Spy */,
				E691C64725DECF3F004D41CF /* Coordinator */,
				E691C64025DECDE4004D41CF /* ViewControllers */,
				E6AEA76B25DD9B9300375F4E /* DataSource */,
				E6AEA77225DD9C2700375F4E /* Views */,
			);
			path = CardsListViewModule;
			sourceTree = "<group>";
		};
		E6AEA73025DD5E8A00375F4E /* Frameworks */ = {
			isa = PBXGroup;
			children = (
			);
			name = Frameworks;
			sourceTree = "<group>";
		};
		E6AEA73A25DD621B00375F4E /* ViewControllers */ = {
			isa = PBXGroup;
			children = (
				E691C67925DEF0F0004D41CF /* Protocol */,
				E6AEA75F25DD854800375F4E /* AllCardsListViewController.swift */,
			);
			path = ViewControllers;
			sourceTree = "<group>";
		};
		E6AEA73B25DD622200375F4E /* DataSource */ = {
			isa = PBXGroup;
			children = (
				E6AEA74425DD625F00375F4E /* CardsListDataSource.swift */,
			);
			path = DataSource;
			sourceTree = "<group>";
		};
		E6AEA75025DD669E00375F4E /* CollectionView */ = {
			isa = PBXGroup;
			children = (
				E6AEA74C25DD645C00375F4E /* CardsListHeaderView.swift */,
				E6AEA75125DD7BB000375F4E /* CardCollectionViewCell.swift */,
			);
			path = CollectionView;
			sourceTree = "<group>";
		};
		E6AEA76325DD85DF00375F4E /* Subviews */ = {
			isa = PBXGroup;
			children = (
				E6AEA71925DD51EB00375F4E /* CardsListSearchView.swift */,
				E6C2698925E80756006347BE /* CardsListSearchView+UITextDelegate.swift */,
			);
			path = Subviews;
			sourceTree = "<group>";
		};
		E6AEA76B25DD9B9300375F4E /* DataSource */ = {
			isa = PBXGroup;
			children = (
				E6AEA76C25DD9BAB00375F4E /* CardsListDataSourceTestCase.swift */,
			);
			path = DataSource;
			sourceTree = "<group>";
		};
		E6AEA77225DD9C2700375F4E /* Views */ = {
			isa = PBXGroup;
			children = (
				E691C63925DECC5E004D41CF /* CollectionView */,
				E6AEA78325DDB36500375F4E /* Subviews */,
				E6AEA78425DDB38500375F4E /* CardsListViewTestCase.swift */,
			);
			path = Views;
			sourceTree = "<group>";
		};
		E6AEA78325DDB36500375F4E /* Subviews */ = {
			isa = PBXGroup;
			children = (
				E6AEA72C25DD5BC200375F4E /* CardsListSearchViewTestCase.swift */,
			);
			path = Subviews;
			sourceTree = "<group>";
		};
		E6BC833D25DFEB03002F83F4 /* AppDelegate */ = {
			isa = PBXGroup;
			children = (
				994ECBDF25DD369500F0257F /* AppDelegate.swift */,
				E6BC833825DFE9C8002F83F4 /* AppDelegateFake.swift */,
			);
			path = AppDelegate;
			sourceTree = "<group>";
		};
		E6BC834025DFECEC002F83F4 /* Enum */ = {
			isa = PBXGroup;
			children = (
				E6BC834125DFED09002F83F4 /* CardsListViewStateTestCase.swift */,
			);
			path = Enum;
			sourceTree = "<group>";
		};
/* End PBXGroup section */

/* Begin PBXNativeTarget section */
		BD80ADA525DAB8970016B1BE /* Bootcamp-Magic */ = {
			isa = PBXNativeTarget;
			buildConfigurationList = BD80ADD325DAB8990016B1BE /* Build configuration list for PBXNativeTarget "Bootcamp-Magic" */;
			buildPhases = (
				BD80ADA225DAB8970016B1BE /* Sources */,
				BD80ADA325DAB8970016B1BE /* Frameworks */,
				BD80ADA425DAB8970016B1BE /* Resources */,
				BDA5849D25DD7D910057122B /* Swift Lint */,
			);
			buildRules = (
			);
			dependencies = (
			);
			name = "Bootcamp-Magic";
			packageProductDependencies = (
				9992F27025DC3D070079AD1D /* SnapKit */,
			);
			productName = "Bootcamp-Magic";
			productReference = BD80ADA625DAB8970016B1BE /* Bootcamp-Magic.app */;
			productType = "com.apple.product-type.application";
		};
		BD80ADBE25DAB8990016B1BE /* Bootcamp-MagicTests */ = {
			isa = PBXNativeTarget;
			buildConfigurationList = BD80ADD625DAB8990016B1BE /* Build configuration list for PBXNativeTarget "Bootcamp-MagicTests" */;
			buildPhases = (
				BD80ADBB25DAB8990016B1BE /* Sources */,
				BD80ADBC25DAB8990016B1BE /* Frameworks */,
				BD80ADBD25DAB8990016B1BE /* Resources */,
			);
			buildRules = (
			);
			dependencies = (
				BD80ADC125DAB8990016B1BE /* PBXTargetDependency */,
			);
			name = "Bootcamp-MagicTests";
			packageProductDependencies = (
				E60CD18225DE9B3500D941B6 /* SnapshotTesting */,
			);
			productName = "Bootcamp-MagicTests";
			productReference = BD80ADBF25DAB8990016B1BE /* Bootcamp-MagicTests.xctest */;
			productType = "com.apple.product-type.bundle.unit-test";
		};
/* End PBXNativeTarget section */

/* Begin PBXProject section */
		BD80AD9E25DAB8970016B1BE /* Project object */ = {
			isa = PBXProject;
			attributes = {
				LastSwiftUpdateCheck = 1240;
				LastUpgradeCheck = 1240;
				TargetAttributes = {
					BD80ADA525DAB8970016B1BE = {
						CreatedOnToolsVersion = 12.4;
					};
					BD80ADBE25DAB8990016B1BE = {
						CreatedOnToolsVersion = 12.4;
						TestTargetID = BD80ADA525DAB8970016B1BE;
					};
				};
			};
			buildConfigurationList = BD80ADA125DAB8970016B1BE /* Build configuration list for PBXProject "Bootcamp-Magic" */;
			compatibilityVersion = "Xcode 9.3";
			developmentRegion = en;
			hasScannedForEncodings = 0;
			knownRegions = (
				en,
				Base,
			);
			mainGroup = BD80AD9D25DAB8970016B1BE;
			packageReferences = (
				9992F26F25DC3D070079AD1D /* XCRemoteSwiftPackageReference "SnapKit" */,
				E60CD18125DE9B3500D941B6 /* XCRemoteSwiftPackageReference "swift-snapshot-testing" */,
			);
			productRefGroup = BD80ADA725DAB8970016B1BE /* Products */;
			projectDirPath = "";
			projectRoot = "";
			targets = (
				BD80ADA525DAB8970016B1BE /* Bootcamp-Magic */,
				BD80ADBE25DAB8990016B1BE /* Bootcamp-MagicTests */,
			);
		};
/* End PBXProject section */

/* Begin PBXResourcesBuildPhase section */
		BD80ADA425DAB8970016B1BE /* Resources */ = {
			isa = PBXResourcesBuildPhase;
			buildActionMask = 2147483647;
			files = (
				994ECBE525DD369500F0257F /* LaunchScreen.storyboard in Resources */,
				994ECBE425DD369500F0257F /* Assets.xcassets in Resources */,
				E691C62A25DEBA47004D41CF /* Roboto-Bold.ttf in Resources */,
			);
			runOnlyForDeploymentPostprocessing = 0;
		};
		BD80ADBD25DAB8990016B1BE /* Resources */ = {
			isa = PBXResourcesBuildPhase;
			buildActionMask = 2147483647;
			files = (
				BD11DA2625DF00AB00EF1300 /* Image.ashx.jpeg in Resources */,
				9992F28925DC5D620079AD1D /* cards-response.json in Resources */,
				9992F28A25DC5D620079AD1D /* sets-response.json in Resources */,
				E6537A2F25DAC40400ECD9D9 /* expansions.json in Resources */,
				E6537A5925DAE3E400ECD9D9 /* cards.json in Resources */,
			);
			runOnlyForDeploymentPostprocessing = 0;
		};
/* End PBXResourcesBuildPhase section */

/* Begin PBXShellScriptBuildPhase section */
		BDA5849D25DD7D910057122B /* Swift Lint */ = {
			isa = PBXShellScriptBuildPhase;
			buildActionMask = 2147483647;
			files = (
			);
			inputFileListPaths = (
			);
			inputPaths = (
			);
			name = "Swift Lint";
			outputFileListPaths = (
			);
			outputPaths = (
			);
			runOnlyForDeploymentPostprocessing = 0;
			shellPath = /bin/sh;
			shellScript = "# Type a script or drag a script file from your workspace to insert its path.\nif which swiftlint >/dev/null; then\n  swiftlint\nelse\n  echo \"warning: SwiftLint not installed, download from https://github.com/realm/SwiftLint\"\nfi\n";
		};
/* End PBXShellScriptBuildPhase section */

/* Begin PBXSourcesBuildPhase section */
		BD80ADA225DAB8970016B1BE /* Sources */ = {
			isa = PBXSourcesBuildPhase;
			buildActionMask = 2147483647;
			files = (
				994ECBBD25DD364F00F0257F /* Constants.swift in Sources */,
				E65AE38B25E6F568003F938E /* CardDetailCoordinator.swift in Sources */,
				E6AEA76025DD854800375F4E /* AllCardsListViewController.swift in Sources */,
				E65AE32225E684BE003F938E /* CoreDataProtocol.swift in Sources */,
				E60CD16225DE922B00D941B6 /* CardsListDelegate.swift in Sources */,
				BDEE379325DB0E1C003B2F5A /* CardsService.swift in Sources */,
				9966CFDC25E69B4900616431 /* CardListViewModelLocal.swift in Sources */,
				BDEE377425DB052F003B2F5A /* NetworkError.swift in Sources */,
				994ECBE325DD369500F0257F /* NavigationMenuTabBarController.swift in Sources */,
				BDA2F84825E685E300A2E2B7 /* CardDetailToggleButton.swift in Sources */,
				E67957C625DC064600EAC7E8 /* Dict.swift in Sources */,
				E6537A4F25DADD6100ECD9D9 /* Card.swift in Sources */,
				BD71EDB125E0554200E6FAB9 /* DidDisplayCellDelegate.swift in Sources */,
				E65AE34425E68A1A003F938E /* Card+Storageable.swift in Sources */,
				E691C67B25DEF10D004D41CF /* FavoriteCardsListViewController.swift in Sources */,
				994ECBCC25DD367700F0257F /* ExpansionViewControllerScreen.swift in Sources */,
				BD9CDDB325DED6EF0010AE2C /* ServiceProtocol.swift in Sources */,
				E6BC833925DFE9C8002F83F4 /* AppDelegateFake.swift in Sources */,
				994ECBE725DD369500F0257F /* AppDelegate.swift in Sources */,
				E60CD18A25DE9B9900D941B6 /* CardsListCoordinator.swift in Sources */,
				E679579D25DBEA1100EAC7E8 /* CardListViewModel.swift in Sources */,
				BDA2F85325E68A6000A2E2B7 /* CardDetailToggleButtonDelegate.swift in Sources */,
				E691C66E25DEEA96004D41CF /* CardsListViewState.swift in Sources */,
				994ECBCD25DD367700F0257F /* ExpansionTableViewCell.swift in Sources */,
				994ECBE225DD369500F0257F /* TabNavigationMenu.swift in Sources */,
				BD9CDD8825DEA1080010AE2C /* CardDetailCollectionViewDataSource.swift in Sources */,
				BDEE377E25DB0562003B2F5A /* NetworkService.swift in Sources */,
				E691C62625DEA7DA004D41CF /* Fonts.swift in Sources */,
				994ECBE125DD369500F0257F /* TabItem.swift in Sources */,
				BD9CDD8425DEA0E20010AE2C /* CardDetailViewController.swift in Sources */,
				BD9CDD8C25DEA1230010AE2C /* CardDetailCollectionViewFlowLayout.swift in Sources */,
				BDEE377925DB0547003B2F5A /* URLSession + Extension.swift in Sources */,
				994ECBCB25DD367700F0257F /* ExpansionViewControllerDataSource.swift in Sources */,
				BD71EDE525E3F36000E6FAB9 /* CardDetailView.swift in Sources */,
				E6AEA76625DD861200375F4E /* CardsListView.swift in Sources */,
				E6537A1625DAC14D00ECD9D9 /* Expansion.swift in Sources */,
				E6BC835225E013E9002F83F4 /* UIImageView+DownloadImage.swift in Sources */,
				E65AE32825E68502003F938E /* CoreDataContainer.swift in Sources */,
				E6537A8D25DAF08400ECD9D9 /* ExpansionListViewModel.swift in Sources */,
				E6537A9225DAF14500ECD9D9 /* ExpansionViewModel.swift in Sources */,
				E6C2698A25E80756006347BE /* CardsListSearchView+UITextDelegate.swift in Sources */,
				998BACA425DFE36200CD7C8F /* ExpansionViewControllerNavigation.swift in Sources */,
				E65AE34A25E68B1E003F938E /* DatabaseProtocol.swift in Sources */,
				994ECBFA25DD376E00F0257F /* Coordinatable.swift in Sources */,
				994ECC1D25DD89E300F0257F /* ExpansionCoordinator.swift in Sources */,
				E691C66925DEE8DC004D41CF /* CardsListView+Texts.swift in Sources */,
				BD9CDD6C25DE9D590010AE2C /* ImagesService.swift in Sources */,
				994ECBCA25DD367700F0257F /* ExpansionViewController.swift in Sources */,
				E65AE35725E68CDA003F938E /* CoreDataDB.swift in Sources */,
				9966CFD825E69A3600616431 /* CardListViewModelRemote.swift in Sources */,
				BD9CDD7125DE9F950010AE2C /* CardDetailViewModel.swift in Sources */,
				994ECC0A25DD50C000F0257F /* ExpansionHeaderView.swift in Sources */,
				994ECC1725DD58F800F0257F /* Sequence+Extensions.swift in Sources */,
				E6AEA74525DD625F00375F4E /* CardsListDataSource.swift in Sources */,
				9966CFC325E6916900616431 /* FavoriteCardsCoordinator.swift in Sources */,
				E6AEA75225DD7BB000375F4E /* CardCollectionViewCell.swift in Sources */,
				E6AEA74D25DD645C00375F4E /* CardsListHeaderView.swift in Sources */,
				BD71EDEA25E4091600E6FAB9 /* CardDetailViewControllerProtocol.swift in Sources */,
				BDEE376A25DB04EB003B2F5A /* NetworkManager.swift in Sources */,
				E65AE32F25E686AC003F938E /* BootcampMagic.xcdatamodeld in Sources */,
				E65AE34025E6888E003F938E /* Storageable.swift in Sources */,
				E6AEA71A25DD51EB00375F4E /* CardsListSearchView.swift in Sources */,
				BDEE376F25DB0504003B2F5A /* RequestError.swift in Sources */,
				994ECC0F25DD57A800F0257F /* String+Extensions.swift in Sources */,
				BD9CDD9B25DEB5540010AE2C /* CardDetailViewModelDelegate.swift in Sources */,
				BD9CDD8025DEA0AF0010AE2C /* CardDetailCollectionViewDelegate.swift in Sources */,
				994ECBF925DD376E00F0257F /* ViewCodable.swift in Sources */,
				994ECBF125DD376100F0257F /* MainCoordinator.swift in Sources */,
				E6BC833525DFE97E002F83F4 /* main.swift in Sources */,
				E6AEA74925DD635900375F4E /* UIView+Identifiable.swift in Sources */,
				E691C67425DEEB91004D41CF /* CardsListViewControllerProtocol.swift in Sources */,
				E6FAE41B25E57F120080E559 /* UIStackView+Border.swift in Sources */,
				E679579825DBE97900EAC7E8 /* CardViewModel.swift in Sources */,
			);
			runOnlyForDeploymentPostprocessing = 0;
		};
		BD80ADBB25DAB8990016B1BE /* Sources */ = {
			isa = PBXSourcesBuildPhase;
			buildActionMask = 2147483647;
			files = (
				998BAC9825DFDC3000CD7C8F /* TabNavigationMenuTestCase.swift in Sources */,
				BD9CDDA825DED3920010AE2C /* CardDetailViewModelTestCase.swift in Sources */,
				E67957BD25DBF8B600EAC7E8 /* CardListViewModelTestCase.swift in Sources */,
				BD9CDDBA25DED8480010AE2C /* FakeCardsArray.swift in Sources */,
				E6537AA025DAF95800ECD9D9 /* ExpansionListViewModelTestCase.swift in Sources */,
				998BAC8E25DFD98A00CD7C8F /* Sequence+ExtensionsTestCase.swift in Sources */,
				998BAC8525DEEE5300CD7C8F /* ExpansionViewControllerScreenTestCase.swift in Sources */,
				E6537AB425DAF9CA00ECD9D9 /* Expansion+Fixture.swift in Sources */,
				998BAC8125DEEC1C00CD7C8F /* ExpansionTableViewCellTestCase.swift in Sources */,
				E65AE35F25E698C2003F938E /* CoreDataContainerFake.swift in Sources */,
				BDEE37B525DBEE3F003B2F5A /* NetworkServiceStub.swift in Sources */,
				E691C65725DED51E004D41CF /* CardsListSearchViewDelegateSpy.swift in Sources */,
				BD11DA1625DEF8E100EF1300 /* NetworkManagerRetrievingImageTests.swift in Sources */,
				E691C64225DECDF8004D41CF /* CardsListViewControllerTestCase.swift in Sources */,
				E6BC834225DFED09002F83F4 /* CardsListViewStateTestCase.swift in Sources */,
				BDEE37BA25DBEF1A003B2F5A /* ServiceFakeDataTask.swift in Sources */,
				E6AEA78525DDB38500375F4E /* CardsListViewTestCase.swift in Sources */,
				E6AEA77825DD9C8700375F4E /* Card+Extension.swift in Sources */,
				BDEE37C525DBF974003B2F5A /* NetworkManagerTests.swift in Sources */,
				BDD6542125E53DEA004C9F88 /* CardDetailDataSource+Fixtures.swift in Sources */,
				BDD6542E25E56B15004C9F88 /* CardDetailCollectionViewDelegateTestCase.swift in Sources */,
				E6AEA72D25DD5BC200375F4E /* CardsListSearchViewTestCase.swift in Sources */,
				E691C63B25DECC73004D41CF /* CardsListHeaderViewTestCase.swift in Sources */,
				E691C65125DED104004D41CF /* CardsListDelegateSpy.swift in Sources */,
				998BAC7925DEE86100CD7C8F /* ExpansionHeaderView.swift in Sources */,
				BD71EDA325E0314000E6FAB9 /* CardDetailViewControllerTests.swift in Sources */,
				BD80ADC425DAB8990016B1BE /* (null) in Sources */,
				E65AE36525E699A8003F938E /* CoreDataDBTestCase.swift in Sources */,
				E60CD15925DE8FAB00D941B6 /* CardsListDataSource+Fixture.swift in Sources */,
				E6537A2525DAC3BF00ECD9D9 /* ExpansionListTestCase.swift in Sources */,
				BDA2F85725E69D1400A2E2B7 /* CardDetailToggleButtonTestCase.swift in Sources */,
				E6AEA76D25DD9BAB00375F4E /* CardsListDataSourceTestCase.swift in Sources */,
				BDD6541B25E53D44004C9F88 /* CardDetailTestCase.swift in Sources */,
				E6537A5E25DAE54000ECD9D9 /* CardListTestCase.swift in Sources */,
				E691C64A25DECFBE004D41CF /* CardsListCoordinatorSpy.swift in Sources */,
				998BAC9E25DFDCFF00CD7C8F /* NavigationMenuTabBarControllerTestCase.swift in Sources */,
			);
			runOnlyForDeploymentPostprocessing = 0;
		};
/* End PBXSourcesBuildPhase section */

/* Begin PBXTargetDependency section */
		BD80ADC125DAB8990016B1BE /* PBXTargetDependency */ = {
			isa = PBXTargetDependency;
			target = BD80ADA525DAB8970016B1BE /* Bootcamp-Magic */;
			targetProxy = BD80ADC025DAB8990016B1BE /* PBXContainerItemProxy */;
		};
/* End PBXTargetDependency section */

/* Begin PBXVariantGroup section */
		994ECBDB25DD369500F0257F /* LaunchScreen.storyboard */ = {
			isa = PBXVariantGroup;
			children = (
				994ECBDC25DD369500F0257F /* Base */,
			);
			name = LaunchScreen.storyboard;
			sourceTree = "<group>";
		};
/* End PBXVariantGroup section */

/* Begin XCBuildConfiguration section */
		BD80ADD125DAB8990016B1BE /* Debug */ = {
			isa = XCBuildConfiguration;
			buildSettings = {
				ALWAYS_SEARCH_USER_PATHS = NO;
				CLANG_ANALYZER_NONNULL = YES;
				CLANG_ANALYZER_NUMBER_OBJECT_CONVERSION = YES_AGGRESSIVE;
				CLANG_CXX_LANGUAGE_STANDARD = "gnu++14";
				CLANG_CXX_LIBRARY = "libc++";
				CLANG_ENABLE_MODULES = YES;
				CLANG_ENABLE_OBJC_ARC = YES;
				CLANG_ENABLE_OBJC_WEAK = YES;
				CLANG_WARN_BLOCK_CAPTURE_AUTORELEASING = YES;
				CLANG_WARN_BOOL_CONVERSION = YES;
				CLANG_WARN_COMMA = YES;
				CLANG_WARN_CONSTANT_CONVERSION = YES;
				CLANG_WARN_DEPRECATED_OBJC_IMPLEMENTATIONS = YES;
				CLANG_WARN_DIRECT_OBJC_ISA_USAGE = YES_ERROR;
				CLANG_WARN_DOCUMENTATION_COMMENTS = YES;
				CLANG_WARN_EMPTY_BODY = YES;
				CLANG_WARN_ENUM_CONVERSION = YES;
				CLANG_WARN_INFINITE_RECURSION = YES;
				CLANG_WARN_INT_CONVERSION = YES;
				CLANG_WARN_NON_LITERAL_NULL_CONVERSION = YES;
				CLANG_WARN_OBJC_IMPLICIT_RETAIN_SELF = YES;
				CLANG_WARN_OBJC_LITERAL_CONVERSION = YES;
				CLANG_WARN_OBJC_ROOT_CLASS = YES_ERROR;
				CLANG_WARN_QUOTED_INCLUDE_IN_FRAMEWORK_HEADER = YES;
				CLANG_WARN_RANGE_LOOP_ANALYSIS = YES;
				CLANG_WARN_STRICT_PROTOTYPES = YES;
				CLANG_WARN_SUSPICIOUS_MOVE = YES;
				CLANG_WARN_UNGUARDED_AVAILABILITY = YES_AGGRESSIVE;
				CLANG_WARN_UNREACHABLE_CODE = YES;
				CLANG_WARN__DUPLICATE_METHOD_MATCH = YES;
				COPY_PHASE_STRIP = NO;
				DEBUG_INFORMATION_FORMAT = dwarf;
				ENABLE_STRICT_OBJC_MSGSEND = YES;
				ENABLE_TESTABILITY = YES;
				GCC_C_LANGUAGE_STANDARD = gnu11;
				GCC_DYNAMIC_NO_PIC = NO;
				GCC_NO_COMMON_BLOCKS = YES;
				GCC_OPTIMIZATION_LEVEL = 0;
				GCC_PREPROCESSOR_DEFINITIONS = (
					"DEBUG=1",
					"$(inherited)",
				);
				GCC_WARN_64_TO_32_BIT_CONVERSION = YES;
				GCC_WARN_ABOUT_RETURN_TYPE = YES_ERROR;
				GCC_WARN_UNDECLARED_SELECTOR = YES;
				GCC_WARN_UNINITIALIZED_AUTOS = YES_AGGRESSIVE;
				GCC_WARN_UNUSED_FUNCTION = YES;
				GCC_WARN_UNUSED_VARIABLE = YES;
				IPHONEOS_DEPLOYMENT_TARGET = 13.2;
				MTL_ENABLE_DEBUG_INFO = INCLUDE_SOURCE;
				MTL_FAST_MATH = YES;
				ONLY_ACTIVE_ARCH = YES;
				SDKROOT = iphoneos;
				SWIFT_ACTIVE_COMPILATION_CONDITIONS = DEBUG;
				SWIFT_OPTIMIZATION_LEVEL = "-Onone";
			};
			name = Debug;
		};
		BD80ADD225DAB8990016B1BE /* Release */ = {
			isa = XCBuildConfiguration;
			buildSettings = {
				ALWAYS_SEARCH_USER_PATHS = NO;
				CLANG_ANALYZER_NONNULL = YES;
				CLANG_ANALYZER_NUMBER_OBJECT_CONVERSION = YES_AGGRESSIVE;
				CLANG_CXX_LANGUAGE_STANDARD = "gnu++14";
				CLANG_CXX_LIBRARY = "libc++";
				CLANG_ENABLE_MODULES = YES;
				CLANG_ENABLE_OBJC_ARC = YES;
				CLANG_ENABLE_OBJC_WEAK = YES;
				CLANG_WARN_BLOCK_CAPTURE_AUTORELEASING = YES;
				CLANG_WARN_BOOL_CONVERSION = YES;
				CLANG_WARN_COMMA = YES;
				CLANG_WARN_CONSTANT_CONVERSION = YES;
				CLANG_WARN_DEPRECATED_OBJC_IMPLEMENTATIONS = YES;
				CLANG_WARN_DIRECT_OBJC_ISA_USAGE = YES_ERROR;
				CLANG_WARN_DOCUMENTATION_COMMENTS = YES;
				CLANG_WARN_EMPTY_BODY = YES;
				CLANG_WARN_ENUM_CONVERSION = YES;
				CLANG_WARN_INFINITE_RECURSION = YES;
				CLANG_WARN_INT_CONVERSION = YES;
				CLANG_WARN_NON_LITERAL_NULL_CONVERSION = YES;
				CLANG_WARN_OBJC_IMPLICIT_RETAIN_SELF = YES;
				CLANG_WARN_OBJC_LITERAL_CONVERSION = YES;
				CLANG_WARN_OBJC_ROOT_CLASS = YES_ERROR;
				CLANG_WARN_QUOTED_INCLUDE_IN_FRAMEWORK_HEADER = YES;
				CLANG_WARN_RANGE_LOOP_ANALYSIS = YES;
				CLANG_WARN_STRICT_PROTOTYPES = YES;
				CLANG_WARN_SUSPICIOUS_MOVE = YES;
				CLANG_WARN_UNGUARDED_AVAILABILITY = YES_AGGRESSIVE;
				CLANG_WARN_UNREACHABLE_CODE = YES;
				CLANG_WARN__DUPLICATE_METHOD_MATCH = YES;
				COPY_PHASE_STRIP = NO;
				DEBUG_INFORMATION_FORMAT = "dwarf-with-dsym";
				ENABLE_NS_ASSERTIONS = NO;
				ENABLE_STRICT_OBJC_MSGSEND = YES;
				GCC_C_LANGUAGE_STANDARD = gnu11;
				GCC_NO_COMMON_BLOCKS = YES;
				GCC_WARN_64_TO_32_BIT_CONVERSION = YES;
				GCC_WARN_ABOUT_RETURN_TYPE = YES_ERROR;
				GCC_WARN_UNDECLARED_SELECTOR = YES;
				GCC_WARN_UNINITIALIZED_AUTOS = YES_AGGRESSIVE;
				GCC_WARN_UNUSED_FUNCTION = YES;
				GCC_WARN_UNUSED_VARIABLE = YES;
				IPHONEOS_DEPLOYMENT_TARGET = 13.2;
				MTL_ENABLE_DEBUG_INFO = NO;
				MTL_FAST_MATH = YES;
				SDKROOT = iphoneos;
				SWIFT_COMPILATION_MODE = wholemodule;
				SWIFT_OPTIMIZATION_LEVEL = "-O";
				VALIDATE_PRODUCT = YES;
			};
			name = Release;
		};
		BD80ADD425DAB8990016B1BE /* Debug */ = {
			isa = XCBuildConfiguration;
			buildSettings = {
				ASSETCATALOG_COMPILER_APPICON_NAME = AppIcon;
				ASSETCATALOG_COMPILER_GLOBAL_ACCENT_COLOR_NAME = AccentColor;
				CODE_SIGN_STYLE = Automatic;
				INFOPLIST_FILE = "Bootcamp-Magic/Core/Info.plist";
				IPHONEOS_DEPLOYMENT_TARGET = 13.2;
				LD_RUNPATH_SEARCH_PATHS = (
					"$(inherited)",
					"@executable_path/Frameworks",
				);
				PRODUCT_BUNDLE_IDENTIFIER = "com.Bootcamp-Magic";
				PRODUCT_NAME = "$(TARGET_NAME)";
				SWIFT_VERSION = 5.0;
				TARGETED_DEVICE_FAMILY = 1;
			};
			name = Debug;
		};
		BD80ADD525DAB8990016B1BE /* Release */ = {
			isa = XCBuildConfiguration;
			buildSettings = {
				ASSETCATALOG_COMPILER_APPICON_NAME = AppIcon;
				ASSETCATALOG_COMPILER_GLOBAL_ACCENT_COLOR_NAME = AccentColor;
				CODE_SIGN_STYLE = Automatic;
				INFOPLIST_FILE = "Bootcamp-Magic/Core/Info.plist";
				IPHONEOS_DEPLOYMENT_TARGET = 13.2;
				LD_RUNPATH_SEARCH_PATHS = (
					"$(inherited)",
					"@executable_path/Frameworks",
				);
				PRODUCT_BUNDLE_IDENTIFIER = "com.Bootcamp-Magic";
				PRODUCT_NAME = "$(TARGET_NAME)";
				SWIFT_VERSION = 5.0;
				TARGETED_DEVICE_FAMILY = 1;
			};
			name = Release;
		};
		BD80ADD725DAB8990016B1BE /* Debug */ = {
			isa = XCBuildConfiguration;
			buildSettings = {
				ALWAYS_EMBED_SWIFT_STANDARD_LIBRARIES = YES;
				BUNDLE_LOADER = "$(TEST_HOST)";
				CODE_SIGN_STYLE = Automatic;
				INFOPLIST_FILE = "Bootcamp-MagicTests/Info.plist";
				IPHONEOS_DEPLOYMENT_TARGET = 13.2;
				LD_RUNPATH_SEARCH_PATHS = (
					"$(inherited)",
					"@executable_path/Frameworks",
					"@loader_path/Frameworks",
				);
				PRODUCT_BUNDLE_IDENTIFIER = "com.Bootcamp-MagicTests";
				PRODUCT_NAME = "$(TARGET_NAME)";
				SWIFT_VERSION = 5.0;
				TARGETED_DEVICE_FAMILY = "1,2";
				TEST_HOST = "$(BUILT_PRODUCTS_DIR)/Bootcamp-Magic.app/Bootcamp-Magic";
			};
			name = Debug;
		};
		BD80ADD825DAB8990016B1BE /* Release */ = {
			isa = XCBuildConfiguration;
			buildSettings = {
				ALWAYS_EMBED_SWIFT_STANDARD_LIBRARIES = YES;
				ARCHS = "$(ARCHS_STANDARD)";
				BUNDLE_LOADER = "$(TEST_HOST)";
				CODE_SIGN_STYLE = Automatic;
				INFOPLIST_FILE = "Bootcamp-MagicTests/Info.plist";
				IPHONEOS_DEPLOYMENT_TARGET = 13.2;
				LD_RUNPATH_SEARCH_PATHS = (
					"$(inherited)",
					"@executable_path/Frameworks",
					"@loader_path/Frameworks",
				);
				PRODUCT_BUNDLE_IDENTIFIER = "com.Bootcamp-MagicTests";
				PRODUCT_NAME = "$(TARGET_NAME)";
				SWIFT_VERSION = 5.0;
				TARGETED_DEVICE_FAMILY = "1,2";
				TEST_HOST = "$(BUILT_PRODUCTS_DIR)/Bootcamp-Magic.app/Bootcamp-Magic";
			};
			name = Release;
		};
/* End XCBuildConfiguration section */

/* Begin XCConfigurationList section */
		BD80ADA125DAB8970016B1BE /* Build configuration list for PBXProject "Bootcamp-Magic" */ = {
			isa = XCConfigurationList;
			buildConfigurations = (
				BD80ADD125DAB8990016B1BE /* Debug */,
				BD80ADD225DAB8990016B1BE /* Release */,
			);
			defaultConfigurationIsVisible = 0;
			defaultConfigurationName = Release;
		};
		BD80ADD325DAB8990016B1BE /* Build configuration list for PBXNativeTarget "Bootcamp-Magic" */ = {
			isa = XCConfigurationList;
			buildConfigurations = (
				BD80ADD425DAB8990016B1BE /* Debug */,
				BD80ADD525DAB8990016B1BE /* Release */,
			);
			defaultConfigurationIsVisible = 0;
			defaultConfigurationName = Release;
		};
		BD80ADD625DAB8990016B1BE /* Build configuration list for PBXNativeTarget "Bootcamp-MagicTests" */ = {
			isa = XCConfigurationList;
			buildConfigurations = (
				BD80ADD725DAB8990016B1BE /* Debug */,
				BD80ADD825DAB8990016B1BE /* Release */,
			);
			defaultConfigurationIsVisible = 0;
			defaultConfigurationName = Release;
		};
/* End XCConfigurationList section */

/* Begin XCRemoteSwiftPackageReference section */
		9992F26F25DC3D070079AD1D /* XCRemoteSwiftPackageReference "SnapKit" */ = {
			isa = XCRemoteSwiftPackageReference;
			repositoryURL = "https://github.com/SnapKit/SnapKit";
			requirement = {
				kind = upToNextMajorVersion;
				minimumVersion = 5.0.1;
			};
		};
		E60CD18125DE9B3500D941B6 /* XCRemoteSwiftPackageReference "swift-snapshot-testing" */ = {
			isa = XCRemoteSwiftPackageReference;
			repositoryURL = "https://github.com/pointfreeco/swift-snapshot-testing.git";
			requirement = {
				kind = upToNextMajorVersion;
				minimumVersion = 1.8.2;
			};
		};
/* End XCRemoteSwiftPackageReference section */

/* Begin XCSwiftPackageProductDependency section */
		9992F27025DC3D070079AD1D /* SnapKit */ = {
			isa = XCSwiftPackageProductDependency;
			package = 9992F26F25DC3D070079AD1D /* XCRemoteSwiftPackageReference "SnapKit" */;
			productName = SnapKit;
		};
		E60CD18225DE9B3500D941B6 /* SnapshotTesting */ = {
			isa = XCSwiftPackageProductDependency;
			package = E60CD18125DE9B3500D941B6 /* XCRemoteSwiftPackageReference "swift-snapshot-testing" */;
			productName = SnapshotTesting;
		};
/* End XCSwiftPackageProductDependency section */

/* Begin XCVersionGroup section */
		E65AE32D25E686AC003F938E /* BootcampMagic.xcdatamodeld */ = {
			isa = XCVersionGroup;
			children = (
				E65AE32E25E686AC003F938E /* BootcampMagic.xcdatamodel */,
			);
			currentVersion = E65AE32E25E686AC003F938E /* BootcampMagic.xcdatamodel */;
			path = BootcampMagic.xcdatamodeld;
			sourceTree = "<group>";
			versionGroupType = wrapper.xcdatamodel;
		};
/* End XCVersionGroup section */
	};
	rootObject = BD80AD9E25DAB8970016B1BE /* Project object */;
}
